// !$*UTF8*$!
{
	archiveVersion = 1;
	classes = {
	};
	objectVersion = 54;
	objects = {

/* Begin PBXBuildFile section */
		103FFF0E2976C25500C3D059 /* TimeViewController.swift in Sources */ = {isa = PBXBuildFile; fileRef = 103FFF0D2976C25500C3D059 /* TimeViewController.swift */; };
		1061C2302970160200A6670E /* WindViewController.swift in Sources */ = {isa = PBXBuildFile; fileRef = 1061C22F2970160200A6670E /* WindViewController.swift */; };
		10C1045729774E11008AEE46 /* UserDataViewController.swift in Sources */ = {isa = PBXBuildFile; fileRef = 10C1045629774E11008AEE46 /* UserDataViewController.swift */; };
		10C1045E2977E3D7008AEE46 /* PasswordModel.swift in Sources */ = {isa = PBXBuildFile; fileRef = 10C1045D2977E3D7008AEE46 /* PasswordModel.swift */; };
		10C104602977E3E5008AEE46 /* PasswordDataManager.swift in Sources */ = {isa = PBXBuildFile; fileRef = 10C1045F2977E3E5008AEE46 /* PasswordDataManager.swift */; };
		10C104632977F7B3008AEE46 /* Main.storyboard in Resources */ = {isa = PBXBuildFile; fileRef = 10C104612977F7B3008AEE46 /* Main.storyboard */; };
		10EDD3EA2961AED500A93DB3 /* AppDelegate.swift in Sources */ = {isa = PBXBuildFile; fileRef = 10EDD3E92961AED500A93DB3 /* AppDelegate.swift */; };
		10EDD3EC2961AED500A93DB3 /* SceneDelegate.swift in Sources */ = {isa = PBXBuildFile; fileRef = 10EDD3EB2961AED500A93DB3 /* SceneDelegate.swift */; };
		10EDD3EE2961AED500A93DB3 /* ViewController.swift in Sources */ = {isa = PBXBuildFile; fileRef = 10EDD3ED2961AED500A93DB3 /* ViewController.swift */; };
		10EDD3F12961AED500A93DB3 /* Settings.storyboard in Resources */ = {isa = PBXBuildFile; fileRef = 10EDD3EF2961AED500A93DB3 /* Settings.storyboard */; };
		10EDD3F32961AED600A93DB3 /* Assets.xcassets in Resources */ = {isa = PBXBuildFile; fileRef = 10EDD3F22961AED600A93DB3 /* Assets.xcassets */; };
		10EDD3FE2961B55A00A93DB3 /* UIView+Extension.swift in Sources */ = {isa = PBXBuildFile; fileRef = 10EDD3FD2961B55A00A93DB3 /* UIView+Extension.swift */; };
		10EDD4002961B59600A93DB3 /* UIColor+Extension.swift in Sources */ = {isa = PBXBuildFile; fileRef = 10EDD3FF2961B59600A93DB3 /* UIColor+Extension.swift */; };
		10EDD4062965783B00A93DB3 /* PrivacyViewController.swift in Sources */ = {isa = PBXBuildFile; fileRef = 10EDD4052965783B00A93DB3 /* PrivacyViewController.swift */; };
		10F71A102976AED4008EA002 /* SF-Pro.ttf in Resources */ = {isa = PBXBuildFile; fileRef = 10F873A1296EECD60097C900 /* SF-Pro.ttf */; };
		10F8739B296AD5FE0097C900 /* PasswordViewController.swift in Sources */ = {isa = PBXBuildFile; fileRef = 10F8739A296AD5FE0097C900 /* PasswordViewController.swift */; };
		10F8739D296AFD460097C900 /* AlarmViewController.swift in Sources */ = {isa = PBXBuildFile; fileRef = 10F8739C296AFD460097C900 /* AlarmViewController.swift */; };
		10F8739F296C2DF10097C900 /* PopupViewController.swift in Sources */ = {isa = PBXBuildFile; fileRef = 10F8739E296C2DF10097C900 /* PopupViewController.swift */; };
		10F873A3296F36130097C900 /* SettingsViewController.swift in Sources */ = {isa = PBXBuildFile; fileRef = 10F873A2296F36130097C900 /* SettingsViewController.swift */; };
		10F873A5296FEF490097C900 /* CustomLabel.swift in Sources */ = {isa = PBXBuildFile; fileRef = 10F873A4296FEF490097C900 /* CustomLabel.swift */; };
		C7F6871A5A774B531AC70FE0 /* Pods_waither.framework in Frameworks */ = {isa = PBXBuildFile; fileRef = 0D731590A32775A68193051A /* Pods_waither.framework */; };
		D0C7AB9129804FC400D96CB4 /* MainPage.storyboard in Resources */ = {isa = PBXBuildFile; fileRef = D0C7AB8E29804FC300D96CB4 /* MainPage.storyboard */; };
		D0C7AB9329804FC400D96CB4 /* MainPageViewController.swift in Sources */ = {isa = PBXBuildFile; fileRef = D0C7AB9029804FC300D96CB4 /* MainPageViewController.swift */; };
		D0C7AB9929804FED00D96CB4 /* MainPageTableViewCell.swift in Sources */ = {isa = PBXBuildFile; fileRef = D0C7AB9529804FEC00D96CB4 /* MainPageTableViewCell.swift */; };
		D0C7AB9A29804FED00D96CB4 /* ForecastCollectionViewCell.xib in Resources */ = {isa = PBXBuildFile; fileRef = D0C7AB9629804FEC00D96CB4 /* ForecastCollectionViewCell.xib */; };
		D0C7AB9B29804FED00D96CB4 /* MainPageTableViewCell.xib in Resources */ = {isa = PBXBuildFile; fileRef = D0C7AB9729804FEC00D96CB4 /* MainPageTableViewCell.xib */; };
		D0C7AB9C29804FED00D96CB4 /* ForecastCollectionViewCell.swift in Sources */ = {isa = PBXBuildFile; fileRef = D0C7AB9829804FED00D96CB4 /* ForecastCollectionViewCell.swift */; };
		E731FB9C297FB96200AAF69A /* LaunchScreen.storyboard in Resources */ = {isa = PBXBuildFile; fileRef = E731FB9B297FB96200AAF69A /* LaunchScreen.storyboard */; };
		E731FB9E297FB96C00AAF69A /* Greeting.storyboard in Resources */ = {isa = PBXBuildFile; fileRef = E731FB9D297FB96C00AAF69A /* Greeting.storyboard */; };
		E731FBA1297FB97500AAF69A /* GreetingViewController.swift in Sources */ = {isa = PBXBuildFile; fileRef = E731FB9F297FB97500AAF69A /* GreetingViewController.swift */; };
		E731FBA2297FB97500AAF69A /* NamingViewController.swift in Sources */ = {isa = PBXBuildFile; fileRef = E731FBA0297FB97500AAF69A /* NamingViewController.swift */; };
		E731FBA4297FB98500AAF69A /* LaunchScreen_white.storyboard in Resources */ = {isa = PBXBuildFile; fileRef = E731FBA3297FB98400AAF69A /* LaunchScreen_white.storyboard */; };
		E731FBAA297FB98F00AAF69A /* LoginByEmailViewController.swift in Sources */ = {isa = PBXBuildFile; fileRef = E731FBA5297FB98F00AAF69A /* LoginByEmailViewController.swift */; };
		E731FBAB297FB98F00AAF69A /* Login.storyboard in Resources */ = {isa = PBXBuildFile; fileRef = E731FBA6297FB98F00AAF69A /* Login.storyboard */; };
		E731FBAC297FB98F00AAF69A /* LoginPopupViewController.swift in Sources */ = {isa = PBXBuildFile; fileRef = E731FBA7297FB98F00AAF69A /* LoginPopupViewController.swift */; };
		E731FBAD297FB98F00AAF69A /* LoginNavigationController.swift in Sources */ = {isa = PBXBuildFile; fileRef = E731FBA8297FB98F00AAF69A /* LoginNavigationController.swift */; };
		E731FBAE297FB98F00AAF69A /* LoginViewController.swift in Sources */ = {isa = PBXBuildFile; fileRef = E731FBA9297FB98F00AAF69A /* LoginViewController.swift */; };
		E731FBB3297FB99E00AAF69A /* TempPasswordViewController.swift in Sources */ = {isa = PBXBuildFile; fileRef = E731FBAF297FB99E00AAF69A /* TempPasswordViewController.swift */; };
		E731FBB4297FB99E00AAF69A /* SplashViewController.swift in Sources */ = {isa = PBXBuildFile; fileRef = E731FBB0297FB99E00AAF69A /* SplashViewController.swift */; };
		E731FBB5297FB99E00AAF69A /* SignupViewController.swift in Sources */ = {isa = PBXBuildFile; fileRef = E731FBB1297FB99E00AAF69A /* SignupViewController.swift */; };
		E731FBB6297FB99E00AAF69A /* SigninViewController.swift in Sources */ = {isa = PBXBuildFile; fileRef = E731FBB2297FB99E00AAF69A /* SigninViewController.swift */; };
		E79EC64129967F1000B1F284 /* LoginInfo.swift in Sources */ = {isa = PBXBuildFile; fileRef = E79EC64029967F1000B1F284 /* LoginInfo.swift */; };
		E79EC64429979CD000B1F284 /* Survey.storyboard in Resources */ = {isa = PBXBuildFile; fileRef = E79EC64329979CD000B1F284 /* Survey.storyboard */; };
		E79EC64629979CD600B1F284 /* SurveyLaunchScreen.storyboard in Resources */ = {isa = PBXBuildFile; fileRef = E79EC64529979CD600B1F284 /* SurveyLaunchScreen.storyboard */; };
		E79EC64E29979CE200B1F284 /* Survey1ViewController.swift in Sources */ = {isa = PBXBuildFile; fileRef = E79EC64729979CE200B1F284 /* Survey1ViewController.swift */; };
		E79EC64F29979CE200B1F284 /* SaveViewController.swift in Sources */ = {isa = PBXBuildFile; fileRef = E79EC64829979CE200B1F284 /* SaveViewController.swift */; };
		E79EC65029979CE200B1F284 /* Survey2ViewController.swift in Sources */ = {isa = PBXBuildFile; fileRef = E79EC64929979CE200B1F284 /* Survey2ViewController.swift */; };
		E79EC65129979CE200B1F284 /* NotiViewController.swift in Sources */ = {isa = PBXBuildFile; fileRef = E79EC64A29979CE200B1F284 /* NotiViewController.swift */; };
		E79EC65329979CE200B1F284 /* NotiTableViewCell.swift in Sources */ = {isa = PBXBuildFile; fileRef = E79EC64C29979CE200B1F284 /* NotiTableViewCell.swift */; };
		E79EC65429979CE200B1F284 /* TmpViewController.swift in Sources */ = {isa = PBXBuildFile; fileRef = E79EC64D29979CE200B1F284 /* TmpViewController.swift */; };
/* End PBXBuildFile section */

/* Begin PBXFileReference section */
		08971674B00450F935EB8302 /* Pods-waither.debug.xcconfig */ = {isa = PBXFileReference; includeInIndex = 1; lastKnownFileType = text.xcconfig; name = "Pods-waither.debug.xcconfig"; path = "Target Support Files/Pods-waither/Pods-waither.debug.xcconfig"; sourceTree = "<group>"; };
		0D731590A32775A68193051A /* Pods_waither.framework */ = {isa = PBXFileReference; explicitFileType = wrapper.framework; includeInIndex = 0; path = Pods_waither.framework; sourceTree = BUILT_PRODUCTS_DIR; };
		103FFF0D2976C25500C3D059 /* TimeViewController.swift */ = {isa = PBXFileReference; lastKnownFileType = sourcecode.swift; path = TimeViewController.swift; sourceTree = "<group>"; };
		1061C22F2970160200A6670E /* WindViewController.swift */ = {isa = PBXFileReference; lastKnownFileType = sourcecode.swift; path = WindViewController.swift; sourceTree = "<group>"; };
		10C1045629774E11008AEE46 /* UserDataViewController.swift */ = {isa = PBXFileReference; lastKnownFileType = sourcecode.swift; path = UserDataViewController.swift; sourceTree = "<group>"; };
		10C1045D2977E3D7008AEE46 /* PasswordModel.swift */ = {isa = PBXFileReference; lastKnownFileType = sourcecode.swift; path = PasswordModel.swift; sourceTree = "<group>"; };
		10C1045F2977E3E5008AEE46 /* PasswordDataManager.swift */ = {isa = PBXFileReference; lastKnownFileType = sourcecode.swift; path = PasswordDataManager.swift; sourceTree = "<group>"; };
		10C104622977F7B3008AEE46 /* Base */ = {isa = PBXFileReference; lastKnownFileType = file.storyboard; name = Base; path = Base.lproj/Main.storyboard; sourceTree = "<group>"; };
		10EDD3E62961AED500A93DB3 /* waither.app */ = {isa = PBXFileReference; explicitFileType = wrapper.application; includeInIndex = 0; path = waither.app; sourceTree = BUILT_PRODUCTS_DIR; };
		10EDD3E92961AED500A93DB3 /* AppDelegate.swift */ = {isa = PBXFileReference; lastKnownFileType = sourcecode.swift; path = AppDelegate.swift; sourceTree = "<group>"; };
		10EDD3EB2961AED500A93DB3 /* SceneDelegate.swift */ = {isa = PBXFileReference; lastKnownFileType = sourcecode.swift; path = SceneDelegate.swift; sourceTree = "<group>"; };
		10EDD3ED2961AED500A93DB3 /* ViewController.swift */ = {isa = PBXFileReference; lastKnownFileType = sourcecode.swift; path = ViewController.swift; sourceTree = "<group>"; };
		10EDD3F02961AED500A93DB3 /* Base */ = {isa = PBXFileReference; lastKnownFileType = file.storyboard; name = Base; path = Base.lproj/Settings.storyboard; sourceTree = "<group>"; };
		10EDD3F22961AED600A93DB3 /* Assets.xcassets */ = {isa = PBXFileReference; lastKnownFileType = folder.assetcatalog; path = Assets.xcassets; sourceTree = "<group>"; };
		10EDD3F72961AED600A93DB3 /* Info.plist */ = {isa = PBXFileReference; lastKnownFileType = text.plist.xml; path = Info.plist; sourceTree = "<group>"; };
		10EDD3FD2961B55A00A93DB3 /* UIView+Extension.swift */ = {isa = PBXFileReference; lastKnownFileType = sourcecode.swift; path = "UIView+Extension.swift"; sourceTree = "<group>"; };
		10EDD3FF2961B59600A93DB3 /* UIColor+Extension.swift */ = {isa = PBXFileReference; lastKnownFileType = sourcecode.swift; path = "UIColor+Extension.swift"; sourceTree = "<group>"; };
		10EDD4052965783B00A93DB3 /* PrivacyViewController.swift */ = {isa = PBXFileReference; lastKnownFileType = sourcecode.swift; path = PrivacyViewController.swift; sourceTree = "<group>"; };
		10F8739A296AD5FE0097C900 /* PasswordViewController.swift */ = {isa = PBXFileReference; lastKnownFileType = sourcecode.swift; path = PasswordViewController.swift; sourceTree = "<group>"; };
		10F8739C296AFD460097C900 /* AlarmViewController.swift */ = {isa = PBXFileReference; lastKnownFileType = sourcecode.swift; path = AlarmViewController.swift; sourceTree = "<group>"; };
		10F8739E296C2DF10097C900 /* PopupViewController.swift */ = {isa = PBXFileReference; lastKnownFileType = sourcecode.swift; path = PopupViewController.swift; sourceTree = "<group>"; };
		10F873A1296EECD60097C900 /* SF-Pro.ttf */ = {isa = PBXFileReference; lastKnownFileType = file; path = "SF-Pro.ttf"; sourceTree = "<group>"; };
		10F873A2296F36130097C900 /* SettingsViewController.swift */ = {isa = PBXFileReference; lastKnownFileType = sourcecode.swift; path = SettingsViewController.swift; sourceTree = "<group>"; };
		10F873A4296FEF490097C900 /* CustomLabel.swift */ = {isa = PBXFileReference; lastKnownFileType = sourcecode.swift; path = CustomLabel.swift; sourceTree = "<group>"; };
		7C8DEB68397007B090EE7886 /* Pods-waither.release.xcconfig */ = {isa = PBXFileReference; includeInIndex = 1; lastKnownFileType = text.xcconfig; name = "Pods-waither.release.xcconfig"; path = "Target Support Files/Pods-waither/Pods-waither.release.xcconfig"; sourceTree = "<group>"; };
		D0C7AB8E29804FC300D96CB4 /* MainPage.storyboard */ = {isa = PBXFileReference; fileEncoding = 4; lastKnownFileType = file.storyboard; path = MainPage.storyboard; sourceTree = "<group>"; };
		D0C7AB9029804FC300D96CB4 /* MainPageViewController.swift */ = {isa = PBXFileReference; fileEncoding = 4; lastKnownFileType = sourcecode.swift; path = MainPageViewController.swift; sourceTree = "<group>"; };
		D0C7AB9529804FEC00D96CB4 /* MainPageTableViewCell.swift */ = {isa = PBXFileReference; fileEncoding = 4; lastKnownFileType = sourcecode.swift; path = MainPageTableViewCell.swift; sourceTree = "<group>"; };
		D0C7AB9629804FEC00D96CB4 /* ForecastCollectionViewCell.xib */ = {isa = PBXFileReference; fileEncoding = 4; lastKnownFileType = file.xib; path = ForecastCollectionViewCell.xib; sourceTree = "<group>"; };
		D0C7AB9729804FEC00D96CB4 /* MainPageTableViewCell.xib */ = {isa = PBXFileReference; fileEncoding = 4; lastKnownFileType = file.xib; path = MainPageTableViewCell.xib; sourceTree = "<group>"; };
		D0C7AB9829804FED00D96CB4 /* ForecastCollectionViewCell.swift */ = {isa = PBXFileReference; fileEncoding = 4; lastKnownFileType = sourcecode.swift; path = ForecastCollectionViewCell.swift; sourceTree = "<group>"; };
		E731FB9B297FB96200AAF69A /* LaunchScreen.storyboard */ = {isa = PBXFileReference; fileEncoding = 4; lastKnownFileType = file.storyboard; path = LaunchScreen.storyboard; sourceTree = "<group>"; };
		E731FB9D297FB96C00AAF69A /* Greeting.storyboard */ = {isa = PBXFileReference; fileEncoding = 4; lastKnownFileType = file.storyboard; path = Greeting.storyboard; sourceTree = "<group>"; };
		E731FB9F297FB97500AAF69A /* GreetingViewController.swift */ = {isa = PBXFileReference; fileEncoding = 4; lastKnownFileType = sourcecode.swift; path = GreetingViewController.swift; sourceTree = "<group>"; };
		E731FBA0297FB97500AAF69A /* NamingViewController.swift */ = {isa = PBXFileReference; fileEncoding = 4; lastKnownFileType = sourcecode.swift; path = NamingViewController.swift; sourceTree = "<group>"; };
		E731FBA3297FB98400AAF69A /* LaunchScreen_white.storyboard */ = {isa = PBXFileReference; fileEncoding = 4; lastKnownFileType = file.storyboard; path = LaunchScreen_white.storyboard; sourceTree = "<group>"; };
		E731FBA5297FB98F00AAF69A /* LoginByEmailViewController.swift */ = {isa = PBXFileReference; fileEncoding = 4; lastKnownFileType = sourcecode.swift; path = LoginByEmailViewController.swift; sourceTree = "<group>"; };
		E731FBA6297FB98F00AAF69A /* Login.storyboard */ = {isa = PBXFileReference; fileEncoding = 4; lastKnownFileType = file.storyboard; path = Login.storyboard; sourceTree = "<group>"; };
		E731FBA7297FB98F00AAF69A /* LoginPopupViewController.swift */ = {isa = PBXFileReference; fileEncoding = 4; lastKnownFileType = sourcecode.swift; path = LoginPopupViewController.swift; sourceTree = "<group>"; };
		E731FBA8297FB98F00AAF69A /* LoginNavigationController.swift */ = {isa = PBXFileReference; fileEncoding = 4; lastKnownFileType = sourcecode.swift; path = LoginNavigationController.swift; sourceTree = "<group>"; };
		E731FBA9297FB98F00AAF69A /* LoginViewController.swift */ = {isa = PBXFileReference; fileEncoding = 4; lastKnownFileType = sourcecode.swift; path = LoginViewController.swift; sourceTree = "<group>"; };
		E731FBAF297FB99E00AAF69A /* TempPasswordViewController.swift */ = {isa = PBXFileReference; fileEncoding = 4; lastKnownFileType = sourcecode.swift; path = TempPasswordViewController.swift; sourceTree = "<group>"; };
		E731FBB0297FB99E00AAF69A /* SplashViewController.swift */ = {isa = PBXFileReference; fileEncoding = 4; lastKnownFileType = sourcecode.swift; path = SplashViewController.swift; sourceTree = "<group>"; };
		E731FBB1297FB99E00AAF69A /* SignupViewController.swift */ = {isa = PBXFileReference; fileEncoding = 4; lastKnownFileType = sourcecode.swift; path = SignupViewController.swift; sourceTree = "<group>"; };
		E731FBB2297FB99E00AAF69A /* SigninViewController.swift */ = {isa = PBXFileReference; fileEncoding = 4; lastKnownFileType = sourcecode.swift; path = SigninViewController.swift; sourceTree = "<group>"; };
		E79EC64029967F1000B1F284 /* LoginInfo.swift */ = {isa = PBXFileReference; lastKnownFileType = sourcecode.swift; path = LoginInfo.swift; sourceTree = "<group>"; };
		E79EC64329979CD000B1F284 /* Survey.storyboard */ = {isa = PBXFileReference; fileEncoding = 4; lastKnownFileType = file.storyboard; path = Survey.storyboard; sourceTree = "<group>"; };
		E79EC64529979CD600B1F284 /* SurveyLaunchScreen.storyboard */ = {isa = PBXFileReference; fileEncoding = 4; lastKnownFileType = file.storyboard; path = SurveyLaunchScreen.storyboard; sourceTree = "<group>"; };
		E79EC64729979CE200B1F284 /* Survey1ViewController.swift */ = {isa = PBXFileReference; fileEncoding = 4; lastKnownFileType = sourcecode.swift; path = Survey1ViewController.swift; sourceTree = "<group>"; };
		E79EC64829979CE200B1F284 /* SaveViewController.swift */ = {isa = PBXFileReference; fileEncoding = 4; lastKnownFileType = sourcecode.swift; path = SaveViewController.swift; sourceTree = "<group>"; };
		E79EC64929979CE200B1F284 /* Survey2ViewController.swift */ = {isa = PBXFileReference; fileEncoding = 4; lastKnownFileType = sourcecode.swift; path = Survey2ViewController.swift; sourceTree = "<group>"; };
		E79EC64A29979CE200B1F284 /* NotiViewController.swift */ = {isa = PBXFileReference; fileEncoding = 4; lastKnownFileType = sourcecode.swift; path = NotiViewController.swift; sourceTree = "<group>"; };
		E79EC64C29979CE200B1F284 /* NotiTableViewCell.swift */ = {isa = PBXFileReference; fileEncoding = 4; lastKnownFileType = sourcecode.swift; path = NotiTableViewCell.swift; sourceTree = "<group>"; };
		E79EC64D29979CE200B1F284 /* TmpViewController.swift */ = {isa = PBXFileReference; fileEncoding = 4; lastKnownFileType = sourcecode.swift; path = TmpViewController.swift; sourceTree = "<group>"; };
/* End PBXFileReference section */

/* Begin PBXFrameworksBuildPhase section */
		10EDD3E32961AED500A93DB3 /* Frameworks */ = {
			isa = PBXFrameworksBuildPhase;
			buildActionMask = 2147483647;
			files = (
				C7F6871A5A774B531AC70FE0 /* Pods_waither.framework in Frameworks */,
			);
			runOnlyForDeploymentPostprocessing = 0;
		};
/* End PBXFrameworksBuildPhase section */

/* Begin PBXGroup section */
		10C1045C2977E385008AEE46 /* PasswordDataManager */ = {
			isa = PBXGroup;
			children = (
				10C1045D2977E3D7008AEE46 /* PasswordModel.swift */,
				10C1045F2977E3E5008AEE46 /* PasswordDataManager.swift */,
			);
			path = PasswordDataManager;
			sourceTree = "<group>";
		};
		10EDD3DD2961AED500A93DB3 = {
			isa = PBXGroup;
			children = (
				10EDD3E82961AED500A93DB3 /* waither */,
				10EDD3E72961AED500A93DB3 /* Products */,
				7F57985A565DCEE2E9EFF9E7 /* Pods */,
				524260D4931E0AD0640294BA /* Frameworks */,
			);
			sourceTree = "<group>";
		};
		10EDD3E72961AED500A93DB3 /* Products */ = {
			isa = PBXGroup;
			children = (
				10EDD3E62961AED500A93DB3 /* waither.app */,
			);
			name = Products;
			sourceTree = "<group>";
		};
		10EDD3E82961AED500A93DB3 /* waither */ = {
			isa = PBXGroup;
			children = (
				E79EC64229979CC200B1F284 /* Survey */,
				E74066DC29866B3A00CECA2C /* LaunchScreenWhite */,
				E74066DB29866B0C00CECA2C /* Greeting */,
				E74066DA29866AC900CECA2C /* Login */,
				D0C7AB8D29804FAC00D96CB4 /* Main */,
				10C1045C2977E385008AEE46 /* PasswordDataManager */,
				10EDD3E92961AED500A93DB3 /* AppDelegate.swift */,
				10EDD3EB2961AED500A93DB3 /* SceneDelegate.swift */,
				E731FB9B297FB96200AAF69A /* LaunchScreen.storyboard */,
				10EDD3ED2961AED500A93DB3 /* ViewController.swift */,
				10C104612977F7B3008AEE46 /* Main.storyboard */,
				10EDD3EF2961AED500A93DB3 /* Settings.storyboard */,
				10F873A4296FEF490097C900 /* CustomLabel.swift */,
				10EDD3FF2961B59600A93DB3 /* UIColor+Extension.swift */,
				10EDD3FD2961B55A00A93DB3 /* UIView+Extension.swift */,
				10F873A2296F36130097C900 /* SettingsViewController.swift */,
				10F8739C296AFD460097C900 /* AlarmViewController.swift */,
				10C1045629774E11008AEE46 /* UserDataViewController.swift */,
				103FFF0D2976C25500C3D059 /* TimeViewController.swift */,
				1061C22F2970160200A6670E /* WindViewController.swift */,
				10EDD4052965783B00A93DB3 /* PrivacyViewController.swift */,
				10F8739A296AD5FE0097C900 /* PasswordViewController.swift */,
				10F8739E296C2DF10097C900 /* PopupViewController.swift */,
				10EDD3F22961AED600A93DB3 /* Assets.xcassets */,
				10EDD3F72961AED600A93DB3 /* Info.plist */,
				10F873A1296EECD60097C900 /* SF-Pro.ttf */,
			);
			path = waither;
			sourceTree = "<group>";
		};
		524260D4931E0AD0640294BA /* Frameworks */ = {
			isa = PBXGroup;
			children = (
				0D731590A32775A68193051A /* Pods_waither.framework */,
			);
			name = Frameworks;
			sourceTree = "<group>";
		};
		7F57985A565DCEE2E9EFF9E7 /* Pods */ = {
			isa = PBXGroup;
			children = (
				08971674B00450F935EB8302 /* Pods-waither.debug.xcconfig */,
				7C8DEB68397007B090EE7886 /* Pods-waither.release.xcconfig */,
			);
			path = Pods;
			sourceTree = "<group>";
		};
		D0C7AB8D29804FAC00D96CB4 /* Main */ = {
			isa = PBXGroup;
			children = (
				D0C7AB9429804FCB00D96CB4 /* Cells */,
				D0C7AB8E29804FC300D96CB4 /* MainPage.storyboard */,
				D0C7AB9029804FC300D96CB4 /* MainPageViewController.swift */,
			);
			path = Main;
			sourceTree = "<group>";
		};
		D0C7AB9429804FCB00D96CB4 /* Cells */ = {
			isa = PBXGroup;
			children = (
				D0C7AB9829804FED00D96CB4 /* ForecastCollectionViewCell.swift */,
				D0C7AB9629804FEC00D96CB4 /* ForecastCollectionViewCell.xib */,
				D0C7AB9529804FEC00D96CB4 /* MainPageTableViewCell.swift */,
				D0C7AB9729804FEC00D96CB4 /* MainPageTableViewCell.xib */,
			);
			path = Cells;
			sourceTree = "<group>";
		};
		E74066DA29866AC900CECA2C /* Login */ = {
			isa = PBXGroup;
			children = (
				E731FBAF297FB99E00AAF69A /* TempPasswordViewController.swift */,
				E731FBB1297FB99E00AAF69A /* SignupViewController.swift */,
				E731FBB2297FB99E00AAF69A /* SigninViewController.swift */,
				E731FBA9297FB98F00AAF69A /* LoginViewController.swift */,
				E731FBA7297FB98F00AAF69A /* LoginPopupViewController.swift */,
				E731FBA8297FB98F00AAF69A /* LoginNavigationController.swift */,
				E731FBA5297FB98F00AAF69A /* LoginByEmailViewController.swift */,
				E731FBA6297FB98F00AAF69A /* Login.storyboard */,
				E79EC64029967F1000B1F284 /* LoginInfo.swift */,
			);
			path = Login;
			sourceTree = "<group>";
		};
		E74066DB29866B0C00CECA2C /* Greeting */ = {
			isa = PBXGroup;
			children = (
				E731FB9D297FB96C00AAF69A /* Greeting.storyboard */,
				E731FB9F297FB97500AAF69A /* GreetingViewController.swift */,
				E731FBA0297FB97500AAF69A /* NamingViewController.swift */,
			);
			path = Greeting;
			sourceTree = "<group>";
		};
		E74066DC29866B3A00CECA2C /* LaunchScreenWhite */ = {
			isa = PBXGroup;
			children = (
				E731FBA3297FB98400AAF69A /* LaunchScreen_white.storyboard */,
				E731FBB0297FB99E00AAF69A /* SplashViewController.swift */,
			);
			path = LaunchScreenWhite;
			sourceTree = "<group>";
		};
		E79EC64229979CC200B1F284 /* Survey */ = {
			isa = PBXGroup;
			children = (
				E79EC64C29979CE200B1F284 /* NotiTableViewCell.swift */,
				E79EC64A29979CE200B1F284 /* NotiViewController.swift */,
				E79EC64829979CE200B1F284 /* SaveViewController.swift */,
				E79EC64729979CE200B1F284 /* Survey1ViewController.swift */,
				E79EC64929979CE200B1F284 /* Survey2ViewController.swift */,
				E79EC64D29979CE200B1F284 /* TmpViewController.swift */,
				E79EC64529979CD600B1F284 /* SurveyLaunchScreen.storyboard */,
				E79EC64329979CD000B1F284 /* Survey.storyboard */,
			);
			path = Survey;
			sourceTree = "<group>";
		};
/* End PBXGroup section */

/* Begin PBXNativeTarget section */
		10EDD3E52961AED500A93DB3 /* waither */ = {
			isa = PBXNativeTarget;
			buildConfigurationList = 10EDD3FA2961AED600A93DB3 /* Build configuration list for PBXNativeTarget "waither" */;
			buildPhases = (
				9836CBB1AE3B2900C70C656F /* [CP] Check Pods Manifest.lock */,
				10EDD3E22961AED500A93DB3 /* Sources */,
				10EDD3E32961AED500A93DB3 /* Frameworks */,
				10EDD3E42961AED500A93DB3 /* Resources */,
				0FC51855834E9158848B93A9 /* [CP] Embed Pods Frameworks */,
			);
			buildRules = (
			);
			dependencies = (
			);
			name = waither;
			productName = Waither;
			productReference = 10EDD3E62961AED500A93DB3 /* waither.app */;
			productType = "com.apple.product-type.application";
		};
/* End PBXNativeTarget section */

/* Begin PBXProject section */
		10EDD3DE2961AED500A93DB3 /* Project object */ = {
			isa = PBXProject;
			attributes = {
				BuildIndependentTargetsInParallel = 1;
				LastSwiftUpdateCheck = 1420;
				LastUpgradeCheck = 1420;
				TargetAttributes = {
					10EDD3E52961AED500A93DB3 = {
						CreatedOnToolsVersion = 14.2;
					};
				};
			};
			buildConfigurationList = 10EDD3E12961AED500A93DB3 /* Build configuration list for PBXProject "waither" */;
			compatibilityVersion = "Xcode 12.0";
			developmentRegion = en;
			hasScannedForEncodings = 0;
			knownRegions = (
				en,
				Base,
			);
			mainGroup = 10EDD3DD2961AED500A93DB3;
			productRefGroup = 10EDD3E72961AED500A93DB3 /* Products */;
			projectDirPath = "";
			projectRoot = "";
			targets = (
				10EDD3E52961AED500A93DB3 /* waither */,
			);
		};
/* End PBXProject section */

/* Begin PBXResourcesBuildPhase section */
		10EDD3E42961AED500A93DB3 /* Resources */ = {
			isa = PBXResourcesBuildPhase;
			buildActionMask = 2147483647;
			files = (
				10C104632977F7B3008AEE46 /* Main.storyboard in Resources */,
				10F71A102976AED4008EA002 /* SF-Pro.ttf in Resources */,
				10EDD3F32961AED600A93DB3 /* Assets.xcassets in Resources */,
				D0C7AB9A29804FED00D96CB4 /* ForecastCollectionViewCell.xib in Resources */,
				E731FB9C297FB96200AAF69A /* LaunchScreen.storyboard in Resources */,
				E731FB9E297FB96C00AAF69A /* Greeting.storyboard in Resources */,
				E79EC64429979CD000B1F284 /* Survey.storyboard in Resources */,
				E79EC64629979CD600B1F284 /* SurveyLaunchScreen.storyboard in Resources */,
				D0C7AB9B29804FED00D96CB4 /* MainPageTableViewCell.xib in Resources */,
				10EDD3F12961AED500A93DB3 /* Settings.storyboard in Resources */,
				D0C7AB9129804FC400D96CB4 /* MainPage.storyboard in Resources */,
				E731FBA4297FB98500AAF69A /* LaunchScreen_white.storyboard in Resources */,
				E731FBAB297FB98F00AAF69A /* Login.storyboard in Resources */,
			);
			runOnlyForDeploymentPostprocessing = 0;
		};
/* End PBXResourcesBuildPhase section */

/* Begin PBXShellScriptBuildPhase section */
		0FC51855834E9158848B93A9 /* [CP] Embed Pods Frameworks */ = {
			isa = PBXShellScriptBuildPhase;
			buildActionMask = 2147483647;
			files = (
			);
			inputFileListPaths = (
				"${PODS_ROOT}/Target Support Files/Pods-waither/Pods-waither-frameworks-${CONFIGURATION}-input-files.xcfilelist",
			);
			name = "[CP] Embed Pods Frameworks";
			outputFileListPaths = (
				"${PODS_ROOT}/Target Support Files/Pods-waither/Pods-waither-frameworks-${CONFIGURATION}-output-files.xcfilelist",
			);
			runOnlyForDeploymentPostprocessing = 0;
			shellPath = /bin/sh;
			shellScript = "\"${PODS_ROOT}/Target Support Files/Pods-waither/Pods-waither-frameworks.sh\"\n";
			showEnvVarsInLog = 0;
		};
		9836CBB1AE3B2900C70C656F /* [CP] Check Pods Manifest.lock */ = {
			isa = PBXShellScriptBuildPhase;
			buildActionMask = 2147483647;
			files = (
			);
			inputFileListPaths = (
			);
			inputPaths = (
				"${PODS_PODFILE_DIR_PATH}/Podfile.lock",
				"${PODS_ROOT}/Manifest.lock",
			);
			name = "[CP] Check Pods Manifest.lock";
			outputFileListPaths = (
			);
			outputPaths = (
				"$(DERIVED_FILE_DIR)/Pods-waither-checkManifestLockResult.txt",
			);
			runOnlyForDeploymentPostprocessing = 0;
			shellPath = /bin/sh;
			shellScript = "diff \"${PODS_PODFILE_DIR_PATH}/Podfile.lock\" \"${PODS_ROOT}/Manifest.lock\" > /dev/null\nif [ $? != 0 ] ; then\n    # print error to STDERR\n    echo \"error: The sandbox is not in sync with the Podfile.lock. Run 'pod install' or update your CocoaPods installation.\" >&2\n    exit 1\nfi\n# This output is used by Xcode 'outputs' to avoid re-running this script phase.\necho \"SUCCESS\" > \"${SCRIPT_OUTPUT_FILE_0}\"\n";
			showEnvVarsInLog = 0;
		};
/* End PBXShellScriptBuildPhase section */

/* Begin PBXSourcesBuildPhase section */
		10EDD3E22961AED500A93DB3 /* Sources */ = {
			isa = PBXSourcesBuildPhase;
			buildActionMask = 2147483647;
			files = (
				10C1045E2977E3D7008AEE46 /* PasswordModel.swift in Sources */,
				E79EC65429979CE200B1F284 /* TmpViewController.swift in Sources */,
				E79EC64F29979CE200B1F284 /* SaveViewController.swift in Sources */,
				10EDD3EE2961AED500A93DB3 /* ViewController.swift in Sources */,
				10F8739B296AD5FE0097C900 /* PasswordViewController.swift in Sources */,
				E731FBAA297FB98F00AAF69A /* LoginByEmailViewController.swift in Sources */,
				10EDD4062965783B00A93DB3 /* PrivacyViewController.swift in Sources */,
				E731FBA2297FB97500AAF69A /* NamingViewController.swift in Sources */,
				E79EC65029979CE200B1F284 /* Survey2ViewController.swift in Sources */,
				10C1045729774E11008AEE46 /* UserDataViewController.swift in Sources */,
				D0C7AB9C29804FED00D96CB4 /* ForecastCollectionViewCell.swift in Sources */,
				D0C7AB9329804FC400D96CB4 /* MainPageViewController.swift in Sources */,
				E79EC64129967F1000B1F284 /* LoginInfo.swift in Sources */,
				10F873A5296FEF490097C900 /* CustomLabel.swift in Sources */,
				10F873A3296F36130097C900 /* SettingsViewController.swift in Sources */,
				10EDD3EA2961AED500A93DB3 /* AppDelegate.swift in Sources */,
				E731FBAE297FB98F00AAF69A /* LoginViewController.swift in Sources */,
				E731FBA1297FB97500AAF69A /* GreetingViewController.swift in Sources */,
				10F8739F296C2DF10097C900 /* PopupViewController.swift in Sources */,
				E79EC64E29979CE200B1F284 /* Survey1ViewController.swift in Sources */,
				10F8739D296AFD460097C900 /* AlarmViewController.swift in Sources */,
				E731FBAD297FB98F00AAF69A /* LoginNavigationController.swift in Sources */,
				E731FBB4297FB99E00AAF69A /* SplashViewController.swift in Sources */,
				E731FBB6297FB99E00AAF69A /* SigninViewController.swift in Sources */,
				1061C2302970160200A6670E /* WindViewController.swift in Sources */,
				10EDD3FE2961B55A00A93DB3 /* UIView+Extension.swift in Sources */,
				10C104602977E3E5008AEE46 /* PasswordDataManager.swift in Sources */,
				103FFF0E2976C25500C3D059 /* TimeViewController.swift in Sources */,
				D0C7AB9929804FED00D96CB4 /* MainPageTableViewCell.swift in Sources */,
				E731FBAC297FB98F00AAF69A /* LoginPopupViewController.swift in Sources */,
				10EDD3EC2961AED500A93DB3 /* SceneDelegate.swift in Sources */,
				E79EC65329979CE200B1F284 /* NotiTableViewCell.swift in Sources */,
				E731FBB5297FB99E00AAF69A /* SignupViewController.swift in Sources */,
				E731FBB3297FB99E00AAF69A /* TempPasswordViewController.swift in Sources */,
				E79EC65129979CE200B1F284 /* NotiViewController.swift in Sources */,
				10EDD4002961B59600A93DB3 /* UIColor+Extension.swift in Sources */,
			);
			runOnlyForDeploymentPostprocessing = 0;
		};
/* End PBXSourcesBuildPhase section */

/* Begin PBXVariantGroup section */
		10C104612977F7B3008AEE46 /* Main.storyboard */ = {
			isa = PBXVariantGroup;
			children = (
				10C104622977F7B3008AEE46 /* Base */,
			);
			name = Main.storyboard;
			sourceTree = "<group>";
		};
		10EDD3EF2961AED500A93DB3 /* Settings.storyboard */ = {
			isa = PBXVariantGroup;
			children = (
				10EDD3F02961AED500A93DB3 /* Base */,
			);
			name = Settings.storyboard;
			sourceTree = "<group>";
		};
/* End PBXVariantGroup section */

/* Begin XCBuildConfiguration section */
		10EDD3F82961AED600A93DB3 /* Debug */ = {
			isa = XCBuildConfiguration;
			buildSettings = {
				ALWAYS_SEARCH_USER_PATHS = NO;
				CLANG_ANALYZER_NONNULL = YES;
				CLANG_ANALYZER_NUMBER_OBJECT_CONVERSION = YES_AGGRESSIVE;
				CLANG_CXX_LANGUAGE_STANDARD = "gnu++20";
				CLANG_ENABLE_MODULES = YES;
				CLANG_ENABLE_OBJC_ARC = YES;
				CLANG_ENABLE_OBJC_WEAK = YES;
				CLANG_WARN_BLOCK_CAPTURE_AUTORELEASING = YES;
				CLANG_WARN_BOOL_CONVERSION = YES;
				CLANG_WARN_COMMA = YES;
				CLANG_WARN_CONSTANT_CONVERSION = YES;
				CLANG_WARN_DEPRECATED_OBJC_IMPLEMENTATIONS = YES;
				CLANG_WARN_DIRECT_OBJC_ISA_USAGE = YES_ERROR;
				CLANG_WARN_DOCUMENTATION_COMMENTS = YES;
				CLANG_WARN_EMPTY_BODY = YES;
				CLANG_WARN_ENUM_CONVERSION = YES;
				CLANG_WARN_INFINITE_RECURSION = YES;
				CLANG_WARN_INT_CONVERSION = YES;
				CLANG_WARN_NON_LITERAL_NULL_CONVERSION = YES;
				CLANG_WARN_OBJC_IMPLICIT_RETAIN_SELF = YES;
				CLANG_WARN_OBJC_LITERAL_CONVERSION = YES;
				CLANG_WARN_OBJC_ROOT_CLASS = YES_ERROR;
				CLANG_WARN_QUOTED_INCLUDE_IN_FRAMEWORK_HEADER = YES;
				CLANG_WARN_RANGE_LOOP_ANALYSIS = YES;
				CLANG_WARN_STRICT_PROTOTYPES = YES;
				CLANG_WARN_SUSPICIOUS_MOVE = YES;
				CLANG_WARN_UNGUARDED_AVAILABILITY = YES_AGGRESSIVE;
				CLANG_WARN_UNREACHABLE_CODE = YES;
				CLANG_WARN__DUPLICATE_METHOD_MATCH = YES;
				COPY_PHASE_STRIP = NO;
				DEBUG_INFORMATION_FORMAT = dwarf;
				ENABLE_STRICT_OBJC_MSGSEND = YES;
				ENABLE_TESTABILITY = YES;
				GCC_C_LANGUAGE_STANDARD = gnu11;
				GCC_DYNAMIC_NO_PIC = NO;
				GCC_NO_COMMON_BLOCKS = YES;
				GCC_OPTIMIZATION_LEVEL = 0;
				GCC_PREPROCESSOR_DEFINITIONS = (
					"DEBUG=1",
					"$(inherited)",
				);
				GCC_WARN_64_TO_32_BIT_CONVERSION = YES;
				GCC_WARN_ABOUT_RETURN_TYPE = YES_ERROR;
				GCC_WARN_UNDECLARED_SELECTOR = YES;
				GCC_WARN_UNINITIALIZED_AUTOS = YES_AGGRESSIVE;
				GCC_WARN_UNUSED_FUNCTION = YES;
				GCC_WARN_UNUSED_VARIABLE = YES;
				IPHONEOS_DEPLOYMENT_TARGET = 16.2;
				MTL_ENABLE_DEBUG_INFO = INCLUDE_SOURCE;
				MTL_FAST_MATH = YES;
				ONLY_ACTIVE_ARCH = YES;
				SDKROOT = iphoneos;
				SWIFT_ACTIVE_COMPILATION_CONDITIONS = DEBUG;
				SWIFT_OPTIMIZATION_LEVEL = "-Onone";
			};
			name = Debug;
		};
		10EDD3F92961AED600A93DB3 /* Release */ = {
			isa = XCBuildConfiguration;
			buildSettings = {
				ALWAYS_SEARCH_USER_PATHS = NO;
				CLANG_ANALYZER_NONNULL = YES;
				CLANG_ANALYZER_NUMBER_OBJECT_CONVERSION = YES_AGGRESSIVE;
				CLANG_CXX_LANGUAGE_STANDARD = "gnu++20";
				CLANG_ENABLE_MODULES = YES;
				CLANG_ENABLE_OBJC_ARC = YES;
				CLANG_ENABLE_OBJC_WEAK = YES;
				CLANG_WARN_BLOCK_CAPTURE_AUTORELEASING = YES;
				CLANG_WARN_BOOL_CONVERSION = YES;
				CLANG_WARN_COMMA = YES;
				CLANG_WARN_CONSTANT_CONVERSION = YES;
				CLANG_WARN_DEPRECATED_OBJC_IMPLEMENTATIONS = YES;
				CLANG_WARN_DIRECT_OBJC_ISA_USAGE = YES_ERROR;
				CLANG_WARN_DOCUMENTATION_COMMENTS = YES;
				CLANG_WARN_EMPTY_BODY = YES;
				CLANG_WARN_ENUM_CONVERSION = YES;
				CLANG_WARN_INFINITE_RECURSION = YES;
				CLANG_WARN_INT_CONVERSION = YES;
				CLANG_WARN_NON_LITERAL_NULL_CONVERSION = YES;
				CLANG_WARN_OBJC_IMPLICIT_RETAIN_SELF = YES;
				CLANG_WARN_OBJC_LITERAL_CONVERSION = YES;
				CLANG_WARN_OBJC_ROOT_CLASS = YES_ERROR;
				CLANG_WARN_QUOTED_INCLUDE_IN_FRAMEWORK_HEADER = YES;
				CLANG_WARN_RANGE_LOOP_ANALYSIS = YES;
				CLANG_WARN_STRICT_PROTOTYPES = YES;
				CLANG_WARN_SUSPICIOUS_MOVE = YES;
				CLANG_WARN_UNGUARDED_AVAILABILITY = YES_AGGRESSIVE;
				CLANG_WARN_UNREACHABLE_CODE = YES;
				CLANG_WARN__DUPLICATE_METHOD_MATCH = YES;
				COPY_PHASE_STRIP = NO;
				DEBUG_INFORMATION_FORMAT = "dwarf-with-dsym";
				ENABLE_NS_ASSERTIONS = NO;
				ENABLE_STRICT_OBJC_MSGSEND = YES;
				GCC_C_LANGUAGE_STANDARD = gnu11;
				GCC_NO_COMMON_BLOCKS = YES;
				GCC_WARN_64_TO_32_BIT_CONVERSION = YES;
				GCC_WARN_ABOUT_RETURN_TYPE = YES_ERROR;
				GCC_WARN_UNDECLARED_SELECTOR = YES;
				GCC_WARN_UNINITIALIZED_AUTOS = YES_AGGRESSIVE;
				GCC_WARN_UNUSED_FUNCTION = YES;
				GCC_WARN_UNUSED_VARIABLE = YES;
				IPHONEOS_DEPLOYMENT_TARGET = 16.2;
				MTL_ENABLE_DEBUG_INFO = NO;
				MTL_FAST_MATH = YES;
				SDKROOT = iphoneos;
				SWIFT_COMPILATION_MODE = wholemodule;
				SWIFT_OPTIMIZATION_LEVEL = "-O";
				VALIDATE_PRODUCT = YES;
			};
			name = Release;
		};
		10EDD3FB2961AED600A93DB3 /* Debug */ = {
			isa = XCBuildConfiguration;
			baseConfigurationReference = 08971674B00450F935EB8302 /* Pods-waither.debug.xcconfig */;
			buildSettings = {
				ASSETCATALOG_COMPILER_APPICON_NAME = AppIcon;
				ASSETCATALOG_COMPILER_GLOBAL_ACCENT_COLOR_NAME = AccentColor;
				CODE_SIGN_STYLE = Automatic;
				CURRENT_PROJECT_VERSION = 1;
				DEVELOPMENT_TEAM = 3SUNDG6XAZ;
				GENERATE_INFOPLIST_FILE = YES;
				INFOPLIST_FILE = Waither/Info.plist;
				INFOPLIST_KEY_UIApplicationSupportsIndirectInputEvents = YES;
				INFOPLIST_KEY_UILaunchStoryboardName = LaunchScreen;
				INFOPLIST_KEY_UIMainStoryboardFile = Main;
				INFOPLIST_KEY_UISupportedInterfaceOrientations_iPad = "UIInterfaceOrientationPortrait UIInterfaceOrientationPortraitUpsideDown UIInterfaceOrientationLandscapeLeft UIInterfaceOrientationLandscapeRight";
				INFOPLIST_KEY_UISupportedInterfaceOrientations_iPhone = "UIInterfaceOrientationPortrait UIInterfaceOrientationLandscapeLeft UIInterfaceOrientationLandscapeRight";
				IPHONEOS_DEPLOYMENT_TARGET = 15.5;
				LD_RUNPATH_SEARCH_PATHS = (
					"$(inherited)",
					"@executable_path/Frameworks",
				);
				MARKETING_VERSION = 1.0;
				PRODUCT_BUNDLE_IDENTIFIER = com.eunseo;
				PRODUCT_NAME = "$(TARGET_NAME)";
				SWIFT_EMIT_LOC_STRINGS = YES;
				SWIFT_VERSION = 5.0;
				TARGETED_DEVICE_FAMILY = "1,2";
			};
			name = Debug;
		};
		10EDD3FC2961AED600A93DB3 /* Release */ = {
			isa = XCBuildConfiguration;
			baseConfigurationReference = 7C8DEB68397007B090EE7886 /* Pods-waither.release.xcconfig */;
			buildSettings = {
				ASSETCATALOG_COMPILER_APPICON_NAME = AppIcon;
				ASSETCATALOG_COMPILER_GLOBAL_ACCENT_COLOR_NAME = AccentColor;
				CODE_SIGN_IDENTITY = "Apple Development";
				CODE_SIGN_STYLE = Automatic;
				CURRENT_PROJECT_VERSION = 1;
				DEVELOPMENT_TEAM = 3SUNDG6XAZ;
				GENERATE_INFOPLIST_FILE = YES;
				INFOPLIST_FILE = Waither/Info.plist;
				INFOPLIST_KEY_UIApplicationSupportsIndirectInputEvents = YES;
				INFOPLIST_KEY_UILaunchStoryboardName = LaunchScreen;
				INFOPLIST_KEY_UIMainStoryboardFile = Main;
				INFOPLIST_KEY_UISupportedInterfaceOrientations_iPad = "UIInterfaceOrientationPortrait UIInterfaceOrientationPortraitUpsideDown UIInterfaceOrientationLandscapeLeft UIInterfaceOrientationLandscapeRight";
				INFOPLIST_KEY_UISupportedInterfaceOrientations_iPhone = "UIInterfaceOrientationPortrait UIInterfaceOrientationLandscapeLeft UIInterfaceOrientationLandscapeRight";
				IPHONEOS_DEPLOYMENT_TARGET = 15.5;
				LD_RUNPATH_SEARCH_PATHS = (
					"$(inherited)",
					"@executable_path/Frameworks",
				);
				MARKETING_VERSION = 1.0;
				PRODUCT_BUNDLE_IDENTIFIER = com.eunseo;
				PRODUCT_NAME = "$(TARGET_NAME)";
				PROVISIONING_PROFILE_SPECIFIER = "";
				SWIFT_EMIT_LOC_STRINGS = YES;
				SWIFT_VERSION = 5.0;
				TARGETED_DEVICE_FAMILY = "1,2";
			};
			name = Release;
		};
/* End XCBuildConfiguration section */

/* Begin XCConfigurationList section */
		10EDD3E12961AED500A93DB3 /* Build configuration list for PBXProject "waither" */ = {
			isa = XCConfigurationList;
			buildConfigurations = (
				10EDD3F82961AED600A93DB3 /* Debug */,
				10EDD3F92961AED600A93DB3 /* Release */,
			);
			defaultConfigurationIsVisible = 0;
			defaultConfigurationName = Release;
		};
		10EDD3FA2961AED600A93DB3 /* Build configuration list for PBXNativeTarget "waither" */ = {
			isa = XCConfigurationList;
			buildConfigurations = (
				10EDD3FB2961AED600A93DB3 /* Debug */,
				10EDD3FC2961AED600A93DB3 /* Release */,
			);
			defaultConfigurationIsVisible = 0;
			defaultConfigurationName = Release;
		};
/* End XCConfigurationList section */
	};
	rootObject = 10EDD3DE2961AED500A93DB3 /* Project object */;
}
