// !$*UTF8*$!
{
	archiveVersion = 1;
	classes = {
	};
	objectVersion = 54;
	objects = {

/* Begin PBXBuildFile section */
		101BEB5529979D4D0042756D /* UserDataViewController.swift in Sources */ = {isa = PBXBuildFile; fileRef = 101BEB4B29979D4D0042756D /* UserDataViewController.swift */; };
		101BEB5629979D4D0042756D /* WindViewController.swift in Sources */ = {isa = PBXBuildFile; fileRef = 101BEB4C29979D4D0042756D /* WindViewController.swift */; };
		101BEB5729979D4D0042756D /* PasswordViewController.swift in Sources */ = {isa = PBXBuildFile; fileRef = 101BEB4D29979D4D0042756D /* PasswordViewController.swift */; };
		101BEB5829979D4D0042756D /* AlarmViewController.swift in Sources */ = {isa = PBXBuildFile; fileRef = 101BEB4E29979D4D0042756D /* AlarmViewController.swift */; };
		101BEB5929979D4D0042756D /* Settings.storyboard in Resources */ = {isa = PBXBuildFile; fileRef = 101BEB4F29979D4D0042756D /* Settings.storyboard */; };
		101BEB5A29979D4D0042756D /* PopupViewController.swift in Sources */ = {isa = PBXBuildFile; fileRef = 101BEB5129979D4D0042756D /* PopupViewController.swift */; };
		101BEB5B29979D4D0042756D /* PrivacyViewController.swift in Sources */ = {isa = PBXBuildFile; fileRef = 101BEB5229979D4D0042756D /* PrivacyViewController.swift */; };
		101BEB5C29979D4D0042756D /* SettingsViewController.swift in Sources */ = {isa = PBXBuildFile; fileRef = 101BEB5329979D4D0042756D /* SettingsViewController.swift */; };
		101BEB5D29979D4D0042756D /* TimeViewController.swift in Sources */ = {isa = PBXBuildFile; fileRef = 101BEB5429979D4D0042756D /* TimeViewController.swift */; };
		101BEB6B29979DCC0042756D /* SettingsMainDataManager.swift in Sources */ = {isa = PBXBuildFile; fileRef = 101BEB5F29979DCC0042756D /* SettingsMainDataManager.swift */; };
		101BEB6C29979DCC0042756D /* WindAlarmDataManager.swift in Sources */ = {isa = PBXBuildFile; fileRef = 101BEB6029979DCC0042756D /* WindAlarmDataManager.swift */; };
		101BEB6D29979DCC0042756D /* UserDataManager.swift in Sources */ = {isa = PBXBuildFile; fileRef = 101BEB6129979DCC0042756D /* UserDataManager.swift */; };
		101BEB6E29979DCC0042756D /* AlarmDataManager.swift in Sources */ = {isa = PBXBuildFile; fileRef = 101BEB6229979DCC0042756D /* AlarmDataManager.swift */; };
		101BEB6F29979DCC0042756D /* AlarmModel.swift in Sources */ = {isa = PBXBuildFile; fileRef = 101BEB6429979DCC0042756D /* AlarmModel.swift */; };
		101BEB7129979DCC0042756D /* UserDataModel.swift in Sources */ = {isa = PBXBuildFile; fileRef = 101BEB6629979DCC0042756D /* UserDataModel.swift */; };
		101BEB7229979DCC0042756D /* UserModel.swift in Sources */ = {isa = PBXBuildFile; fileRef = 101BEB6729979DCC0042756D /* UserModel.swift */; };
		101BEB7329979DCC0042756D /* SettingsModel.swift in Sources */ = {isa = PBXBuildFile; fileRef = 101BEB6829979DCC0042756D /* SettingsModel.swift */; };
		101BEB7429979DCC0042756D /* WindAlarmModel.swift in Sources */ = {isa = PBXBuildFile; fileRef = 101BEB6929979DCC0042756D /* WindAlarmModel.swift */; };
		101BEB7529979DCC0042756D /* UserdataDataManager.swift in Sources */ = {isa = PBXBuildFile; fileRef = 101BEB6A29979DCC0042756D /* UserdataDataManager.swift */; };
		1095ABEF2997FB8C00AEDE21 /* SurveyLaunchScreen.storyboard in Resources */ = {isa = PBXBuildFile; fileRef = 1095ABE62997FB8C00AEDE21 /* SurveyLaunchScreen.storyboard */; };
		1095ABF02997FB8C00AEDE21 /* Survey.storyboard in Resources */ = {isa = PBXBuildFile; fileRef = 1095ABE72997FB8C00AEDE21 /* Survey.storyboard */; };
		1095ABF12997FB8C00AEDE21 /* TmpViewController.swift in Sources */ = {isa = PBXBuildFile; fileRef = 1095ABE82997FB8C00AEDE21 /* TmpViewController.swift */; };
		1095ABF22997FB8C00AEDE21 /* SaveViewController.swift in Sources */ = {isa = PBXBuildFile; fileRef = 1095ABE92997FB8C00AEDE21 /* SaveViewController.swift */; };
		1095ABF32997FB8C00AEDE21 /* Survey1ViewController.swift in Sources */ = {isa = PBXBuildFile; fileRef = 1095ABEA2997FB8C00AEDE21 /* Survey1ViewController.swift */; };
		1095ABF42997FB8C00AEDE21 /* NotiTableViewCell.swift in Sources */ = {isa = PBXBuildFile; fileRef = 1095ABEB2997FB8C00AEDE21 /* NotiTableViewCell.swift */; };
		1095ABF52997FB8C00AEDE21 /* NotiViewController.swift in Sources */ = {isa = PBXBuildFile; fileRef = 1095ABEC2997FB8C00AEDE21 /* NotiViewController.swift */; };
		1095ABF72997FB8C00AEDE21 /* Survey2ViewController.swift in Sources */ = {isa = PBXBuildFile; fileRef = 1095ABEE2997FB8C00AEDE21 /* Survey2ViewController.swift */; };
		1095ABFB2997FB9D00AEDE21 /* LaunchScreen_white.storyboard in Resources */ = {isa = PBXBuildFile; fileRef = 1095ABF92997FB9D00AEDE21 /* LaunchScreen_white.storyboard */; };
		1095ABFC2997FB9D00AEDE21 /* SplashViewController.swift in Sources */ = {isa = PBXBuildFile; fileRef = 1095ABFA2997FB9D00AEDE21 /* SplashViewController.swift */; };
		1095AC012997FBA400AEDE21 /* GreetingViewController.swift in Sources */ = {isa = PBXBuildFile; fileRef = 1095ABFE2997FBA400AEDE21 /* GreetingViewController.swift */; };
		1095AC022997FBA400AEDE21 /* Greeting.storyboard in Resources */ = {isa = PBXBuildFile; fileRef = 1095ABFF2997FBA400AEDE21 /* Greeting.storyboard */; };
		1095AC032997FBA400AEDE21 /* NamingViewController.swift in Sources */ = {isa = PBXBuildFile; fileRef = 1095AC002997FBA400AEDE21 /* NamingViewController.swift */; };
		1095AC102997FC0900AEDE21 /* SignupViewController.swift in Sources */ = {isa = PBXBuildFile; fileRef = 1095AC052997FC0900AEDE21 /* SignupViewController.swift */; };
		1095AC112997FC0900AEDE21 /* LoginInfo.swift in Sources */ = {isa = PBXBuildFile; fileRef = 1095AC062997FC0900AEDE21 /* LoginInfo.swift */; };
		1095AC122997FC0900AEDE21 /* LoginByEmailViewController.swift in Sources */ = {isa = PBXBuildFile; fileRef = 1095AC072997FC0900AEDE21 /* LoginByEmailViewController.swift */; };
		1095AC132997FC0900AEDE21 /* LoginNavigationController.swift in Sources */ = {isa = PBXBuildFile; fileRef = 1095AC082997FC0900AEDE21 /* LoginNavigationController.swift */; };
		1095AC142997FC0900AEDE21 /* Login.storyboard in Resources */ = {isa = PBXBuildFile; fileRef = 1095AC092997FC0900AEDE21 /* Login.storyboard */; };
		1095AC152997FC0900AEDE21 /* TempPasswordViewController.swift in Sources */ = {isa = PBXBuildFile; fileRef = 1095AC0A2997FC0900AEDE21 /* TempPasswordViewController.swift */; };
		1095AC162997FC0900AEDE21 /* LoginViewController.swift in Sources */ = {isa = PBXBuildFile; fileRef = 1095AC0B2997FC0900AEDE21 /* LoginViewController.swift */; };
		1095AC172997FC0900AEDE21 /* LoginInfo.xcdatamodeld in Sources */ = {isa = PBXBuildFile; fileRef = 1095AC0C2997FC0900AEDE21 /* LoginInfo.xcdatamodeld */; };
		1095AC182997FC0900AEDE21 /* LoginPopupViewController.swift in Sources */ = {isa = PBXBuildFile; fileRef = 1095AC0E2997FC0900AEDE21 /* LoginPopupViewController.swift */; };
		1095AC192997FC0900AEDE21 /* SigninViewController.swift in Sources */ = {isa = PBXBuildFile; fileRef = 1095AC0F2997FC0900AEDE21 /* SigninViewController.swift */; };
		1095AC1B2997FD0C00AEDE21 /* Pods_waither.framework in Frameworks */ = {isa = PBXBuildFile; fileRef = 1095AC1A2997FD0C00AEDE21 /* Pods_waither.framework */; };
		10C104632977F7B3008AEE46 /* Main.storyboard in Resources */ = {isa = PBXBuildFile; fileRef = 10C104612977F7B3008AEE46 /* Main.storyboard */; };
		10EDD3EA2961AED500A93DB3 /* AppDelegate.swift in Sources */ = {isa = PBXBuildFile; fileRef = 10EDD3E92961AED500A93DB3 /* AppDelegate.swift */; };
		10EDD3EC2961AED500A93DB3 /* SceneDelegate.swift in Sources */ = {isa = PBXBuildFile; fileRef = 10EDD3EB2961AED500A93DB3 /* SceneDelegate.swift */; };
		10EDD3EE2961AED500A93DB3 /* ViewController.swift in Sources */ = {isa = PBXBuildFile; fileRef = 10EDD3ED2961AED500A93DB3 /* ViewController.swift */; };
		10EDD3F32961AED600A93DB3 /* Assets.xcassets in Resources */ = {isa = PBXBuildFile; fileRef = 10EDD3F22961AED600A93DB3 /* Assets.xcassets */; };
		10EDD3FE2961B55A00A93DB3 /* UIView+Extension.swift in Sources */ = {isa = PBXBuildFile; fileRef = 10EDD3FD2961B55A00A93DB3 /* UIView+Extension.swift */; };
		10EDD4002961B59600A93DB3 /* UIColor+Extension.swift in Sources */ = {isa = PBXBuildFile; fileRef = 10EDD3FF2961B59600A93DB3 /* UIColor+Extension.swift */; };
		10F71A102976AED4008EA002 /* SF-Pro.ttf in Resources */ = {isa = PBXBuildFile; fileRef = 10F873A1296EECD60097C900 /* SF-Pro.ttf */; };
		10F873A5296FEF490097C900 /* CustomLabel.swift in Sources */ = {isa = PBXBuildFile; fileRef = 10F873A4296FEF490097C900 /* CustomLabel.swift */; };
		D01B50442997976200F1A470 /* String+Extension.swift in Sources */ = {isa = PBXBuildFile; fileRef = D01B50432997976200F1A470 /* String+Extension.swift */; };
		D01B50472997978800F1A470 /* WeatherInfoDataManager.swift in Sources */ = {isa = PBXBuildFile; fileRef = D01B50462997978800F1A470 /* WeatherInfoDataManager.swift */; };
		D01B504E2997979B00F1A470 /* SettingsMainInput.swift in Sources */ = {isa = PBXBuildFile; fileRef = D01B50492997979B00F1A470 /* SettingsMainInput.swift */; };
		D01B504F2997979B00F1A470 /* SettingsMainModel.swift in Sources */ = {isa = PBXBuildFile; fileRef = D01B504A2997979B00F1A470 /* SettingsMainModel.swift */; };
		D01B50502997979B00F1A470 /* WeatherInfoInput.swift in Sources */ = {isa = PBXBuildFile; fileRef = D01B504B2997979B00F1A470 /* WeatherInfoInput.swift */; };
		D01B50512997979B00F1A470 /* WeatherInfoModel.swift in Sources */ = {isa = PBXBuildFile; fileRef = D01B504C2997979B00F1A470 /* WeatherInfoModel.swift */; };
		D01B50522997979B00F1A470 /* APIModel.swift in Sources */ = {isa = PBXBuildFile; fileRef = D01B504D2997979B00F1A470 /* APIModel.swift */; };
		D01B5055299797B300F1A470 /* MainPageViewController.swift in Sources */ = {isa = PBXBuildFile; fileRef = D01B5053299797B300F1A470 /* MainPageViewController.swift */; };
		D01B5056299797B300F1A470 /* MainPage.storyboard in Resources */ = {isa = PBXBuildFile; fileRef = D01B5054299797B300F1A470 /* MainPage.storyboard */; };
		D01B5058299797CF00F1A470 /* MainPageTableViewCell.swift in Sources */ = {isa = PBXBuildFile; fileRef = D01B5057299797CF00F1A470 /* MainPageTableViewCell.swift */; };
		D01B505A29979B3300F1A470 /* ForecastCollectionViewCell.swift in Sources */ = {isa = PBXBuildFile; fileRef = D01B505929979B3300F1A470 /* ForecastCollectionViewCell.swift */; };
		D01B505C29979BAF00F1A470 /* ForecastCollectionViewCell.xib in Resources */ = {isa = PBXBuildFile; fileRef = D01B505B29979BAF00F1A470 /* ForecastCollectionViewCell.xib */; };
		D01B505E29979BF500F1A470 /* MainPageTableViewCell.xib in Resources */ = {isa = PBXBuildFile; fileRef = D01B505D29979BF500F1A470 /* MainPageTableViewCell.xib */; };
		E731FB9C297FB96200AAF69A /* LaunchScreen.storyboard in Resources */ = {isa = PBXBuildFile; fileRef = E731FB9B297FB96200AAF69A /* LaunchScreen.storyboard */; };
/* End PBXBuildFile section */

/* Begin PBXFileReference section */
		08971674B00450F935EB8302 /* Pods-waither.debug.xcconfig */ = {isa = PBXFileReference; includeInIndex = 1; lastKnownFileType = text.xcconfig; name = "Pods-waither.debug.xcconfig"; path = "Target Support Files/Pods-waither/Pods-waither.debug.xcconfig"; sourceTree = "<group>"; };
		101BEB4B29979D4D0042756D /* UserDataViewController.swift */ = {isa = PBXFileReference; fileEncoding = 4; lastKnownFileType = sourcecode.swift; path = UserDataViewController.swift; sourceTree = "<group>"; };
		101BEB4C29979D4D0042756D /* WindViewController.swift */ = {isa = PBXFileReference; fileEncoding = 4; lastKnownFileType = sourcecode.swift; path = WindViewController.swift; sourceTree = "<group>"; };
		101BEB4D29979D4D0042756D /* PasswordViewController.swift */ = {isa = PBXFileReference; fileEncoding = 4; lastKnownFileType = sourcecode.swift; path = PasswordViewController.swift; sourceTree = "<group>"; };
		101BEB4E29979D4D0042756D /* AlarmViewController.swift */ = {isa = PBXFileReference; fileEncoding = 4; lastKnownFileType = sourcecode.swift; path = AlarmViewController.swift; sourceTree = "<group>"; };
		101BEB5029979D4D0042756D /* Base */ = {isa = PBXFileReference; lastKnownFileType = file.storyboard; name = Base; path = Base.lproj/Settings.storyboard; sourceTree = "<group>"; };
		101BEB5129979D4D0042756D /* PopupViewController.swift */ = {isa = PBXFileReference; fileEncoding = 4; lastKnownFileType = sourcecode.swift; path = PopupViewController.swift; sourceTree = "<group>"; };
		101BEB5229979D4D0042756D /* PrivacyViewController.swift */ = {isa = PBXFileReference; fileEncoding = 4; lastKnownFileType = sourcecode.swift; path = PrivacyViewController.swift; sourceTree = "<group>"; };
		101BEB5329979D4D0042756D /* SettingsViewController.swift */ = {isa = PBXFileReference; fileEncoding = 4; lastKnownFileType = sourcecode.swift; path = SettingsViewController.swift; sourceTree = "<group>"; };
		101BEB5429979D4D0042756D /* TimeViewController.swift */ = {isa = PBXFileReference; fileEncoding = 4; lastKnownFileType = sourcecode.swift; path = TimeViewController.swift; sourceTree = "<group>"; };
		101BEB5F29979DCC0042756D /* SettingsMainDataManager.swift */ = {isa = PBXFileReference; fileEncoding = 4; lastKnownFileType = sourcecode.swift; path = SettingsMainDataManager.swift; sourceTree = "<group>"; };
		101BEB6029979DCC0042756D /* WindAlarmDataManager.swift */ = {isa = PBXFileReference; fileEncoding = 4; lastKnownFileType = sourcecode.swift; path = WindAlarmDataManager.swift; sourceTree = "<group>"; };
		101BEB6129979DCC0042756D /* UserDataManager.swift */ = {isa = PBXFileReference; fileEncoding = 4; lastKnownFileType = sourcecode.swift; path = UserDataManager.swift; sourceTree = "<group>"; };
		101BEB6229979DCC0042756D /* AlarmDataManager.swift */ = {isa = PBXFileReference; fileEncoding = 4; lastKnownFileType = sourcecode.swift; path = AlarmDataManager.swift; sourceTree = "<group>"; };
		101BEB6429979DCC0042756D /* AlarmModel.swift */ = {isa = PBXFileReference; fileEncoding = 4; lastKnownFileType = sourcecode.swift; path = AlarmModel.swift; sourceTree = "<group>"; };
		101BEB6629979DCC0042756D /* UserDataModel.swift */ = {isa = PBXFileReference; fileEncoding = 4; lastKnownFileType = sourcecode.swift; path = UserDataModel.swift; sourceTree = "<group>"; };
		101BEB6729979DCC0042756D /* UserModel.swift */ = {isa = PBXFileReference; fileEncoding = 4; lastKnownFileType = sourcecode.swift; path = UserModel.swift; sourceTree = "<group>"; };
		101BEB6829979DCC0042756D /* SettingsModel.swift */ = {isa = PBXFileReference; fileEncoding = 4; lastKnownFileType = sourcecode.swift; path = SettingsModel.swift; sourceTree = "<group>"; };
		101BEB6929979DCC0042756D /* WindAlarmModel.swift */ = {isa = PBXFileReference; fileEncoding = 4; lastKnownFileType = sourcecode.swift; path = WindAlarmModel.swift; sourceTree = "<group>"; };
		101BEB6A29979DCC0042756D /* UserdataDataManager.swift */ = {isa = PBXFileReference; fileEncoding = 4; lastKnownFileType = sourcecode.swift; path = UserdataDataManager.swift; sourceTree = "<group>"; };
		1095ABE62997FB8C00AEDE21 /* SurveyLaunchScreen.storyboard */ = {isa = PBXFileReference; fileEncoding = 4; lastKnownFileType = file.storyboard; path = SurveyLaunchScreen.storyboard; sourceTree = "<group>"; };
		1095ABE72997FB8C00AEDE21 /* Survey.storyboard */ = {isa = PBXFileReference; fileEncoding = 4; lastKnownFileType = file.storyboard; path = Survey.storyboard; sourceTree = "<group>"; };
		1095ABE82997FB8C00AEDE21 /* TmpViewController.swift */ = {isa = PBXFileReference; fileEncoding = 4; lastKnownFileType = sourcecode.swift; path = TmpViewController.swift; sourceTree = "<group>"; };
		1095ABE92997FB8C00AEDE21 /* SaveViewController.swift */ = {isa = PBXFileReference; fileEncoding = 4; lastKnownFileType = sourcecode.swift; path = SaveViewController.swift; sourceTree = "<group>"; };
		1095ABEA2997FB8C00AEDE21 /* Survey1ViewController.swift */ = {isa = PBXFileReference; fileEncoding = 4; lastKnownFileType = sourcecode.swift; path = Survey1ViewController.swift; sourceTree = "<group>"; };
		1095ABEB2997FB8C00AEDE21 /* NotiTableViewCell.swift */ = {isa = PBXFileReference; fileEncoding = 4; lastKnownFileType = sourcecode.swift; path = NotiTableViewCell.swift; sourceTree = "<group>"; };
		1095ABEC2997FB8C00AEDE21 /* NotiViewController.swift */ = {isa = PBXFileReference; fileEncoding = 4; lastKnownFileType = sourcecode.swift; path = NotiViewController.swift; sourceTree = "<group>"; };
		1095ABEE2997FB8C00AEDE21 /* Survey2ViewController.swift */ = {isa = PBXFileReference; fileEncoding = 4; lastKnownFileType = sourcecode.swift; path = Survey2ViewController.swift; sourceTree = "<group>"; };
		1095ABF92997FB9D00AEDE21 /* LaunchScreen_white.storyboard */ = {isa = PBXFileReference; fileEncoding = 4; lastKnownFileType = file.storyboard; path = LaunchScreen_white.storyboard; sourceTree = "<group>"; };
		1095ABFA2997FB9D00AEDE21 /* SplashViewController.swift */ = {isa = PBXFileReference; fileEncoding = 4; lastKnownFileType = sourcecode.swift; path = SplashViewController.swift; sourceTree = "<group>"; };
		1095ABFE2997FBA400AEDE21 /* GreetingViewController.swift */ = {isa = PBXFileReference; fileEncoding = 4; lastKnownFileType = sourcecode.swift; path = GreetingViewController.swift; sourceTree = "<group>"; };
		1095ABFF2997FBA400AEDE21 /* Greeting.storyboard */ = {isa = PBXFileReference; fileEncoding = 4; lastKnownFileType = file.storyboard; path = Greeting.storyboard; sourceTree = "<group>"; };
		1095AC002997FBA400AEDE21 /* NamingViewController.swift */ = {isa = PBXFileReference; fileEncoding = 4; lastKnownFileType = sourcecode.swift; path = NamingViewController.swift; sourceTree = "<group>"; };
		1095AC052997FC0900AEDE21 /* SignupViewController.swift */ = {isa = PBXFileReference; fileEncoding = 4; lastKnownFileType = sourcecode.swift; path = SignupViewController.swift; sourceTree = "<group>"; };
		1095AC062997FC0900AEDE21 /* LoginInfo.swift */ = {isa = PBXFileReference; fileEncoding = 4; lastKnownFileType = sourcecode.swift; path = LoginInfo.swift; sourceTree = "<group>"; };
		1095AC072997FC0900AEDE21 /* LoginByEmailViewController.swift */ = {isa = PBXFileReference; fileEncoding = 4; lastKnownFileType = sourcecode.swift; path = LoginByEmailViewController.swift; sourceTree = "<group>"; };
		1095AC082997FC0900AEDE21 /* LoginNavigationController.swift */ = {isa = PBXFileReference; fileEncoding = 4; lastKnownFileType = sourcecode.swift; path = LoginNavigationController.swift; sourceTree = "<group>"; };
		1095AC092997FC0900AEDE21 /* Login.storyboard */ = {isa = PBXFileReference; fileEncoding = 4; lastKnownFileType = file.storyboard; path = Login.storyboard; sourceTree = "<group>"; };
		1095AC0A2997FC0900AEDE21 /* TempPasswordViewController.swift */ = {isa = PBXFileReference; fileEncoding = 4; lastKnownFileType = sourcecode.swift; path = TempPasswordViewController.swift; sourceTree = "<group>"; };
		1095AC0B2997FC0900AEDE21 /* LoginViewController.swift */ = {isa = PBXFileReference; fileEncoding = 4; lastKnownFileType = sourcecode.swift; path = LoginViewController.swift; sourceTree = "<group>"; };
		1095AC0D2997FC0900AEDE21 /* LoginInfo.xcdatamodel */ = {isa = PBXFileReference; lastKnownFileType = wrapper.xcdatamodel; path = LoginInfo.xcdatamodel; sourceTree = "<group>"; };
		1095AC0E2997FC0900AEDE21 /* LoginPopupViewController.swift */ = {isa = PBXFileReference; fileEncoding = 4; lastKnownFileType = sourcecode.swift; path = LoginPopupViewController.swift; sourceTree = "<group>"; };
		1095AC0F2997FC0900AEDE21 /* SigninViewController.swift */ = {isa = PBXFileReference; fileEncoding = 4; lastKnownFileType = sourcecode.swift; path = SigninViewController.swift; sourceTree = "<group>"; };
		1095AC1A2997FD0C00AEDE21 /* Pods_waither.framework */ = {isa = PBXFileReference; lastKnownFileType = wrapper.framework; path = Pods_waither.framework; sourceTree = "<group>"; };
		10C104622977F7B3008AEE46 /* Base */ = {isa = PBXFileReference; lastKnownFileType = file.storyboard; name = Base; path = Base.lproj/Main.storyboard; sourceTree = "<group>"; };
		10EDD3E62961AED500A93DB3 /* waither.app */ = {isa = PBXFileReference; explicitFileType = wrapper.application; includeInIndex = 0; path = waither.app; sourceTree = BUILT_PRODUCTS_DIR; };
		10EDD3E92961AED500A93DB3 /* AppDelegate.swift */ = {isa = PBXFileReference; lastKnownFileType = sourcecode.swift; path = AppDelegate.swift; sourceTree = "<group>"; };
		10EDD3EB2961AED500A93DB3 /* SceneDelegate.swift */ = {isa = PBXFileReference; lastKnownFileType = sourcecode.swift; path = SceneDelegate.swift; sourceTree = "<group>"; };
		10EDD3ED2961AED500A93DB3 /* ViewController.swift */ = {isa = PBXFileReference; lastKnownFileType = sourcecode.swift; path = ViewController.swift; sourceTree = "<group>"; };
		10EDD3F22961AED600A93DB3 /* Assets.xcassets */ = {isa = PBXFileReference; lastKnownFileType = folder.assetcatalog; path = Assets.xcassets; sourceTree = "<group>"; };
		10EDD3F72961AED600A93DB3 /* Info.plist */ = {isa = PBXFileReference; lastKnownFileType = text.plist.xml; path = Info.plist; sourceTree = "<group>"; };
		10EDD3FD2961B55A00A93DB3 /* UIView+Extension.swift */ = {isa = PBXFileReference; lastKnownFileType = sourcecode.swift; path = "UIView+Extension.swift"; sourceTree = "<group>"; };
		10EDD3FF2961B59600A93DB3 /* UIColor+Extension.swift */ = {isa = PBXFileReference; lastKnownFileType = sourcecode.swift; path = "UIColor+Extension.swift"; sourceTree = "<group>"; };
		10F873A1296EECD60097C900 /* SF-Pro.ttf */ = {isa = PBXFileReference; lastKnownFileType = file; path = "SF-Pro.ttf"; sourceTree = "<group>"; };
		10F873A4296FEF490097C900 /* CustomLabel.swift */ = {isa = PBXFileReference; lastKnownFileType = sourcecode.swift; path = CustomLabel.swift; sourceTree = "<group>"; };
		7C8DEB68397007B090EE7886 /* Pods-waither.release.xcconfig */ = {isa = PBXFileReference; includeInIndex = 1; lastKnownFileType = text.xcconfig; name = "Pods-waither.release.xcconfig"; path = "Target Support Files/Pods-waither/Pods-waither.release.xcconfig"; sourceTree = "<group>"; };
		D01B50432997976200F1A470 /* String+Extension.swift */ = {isa = PBXFileReference; fileEncoding = 4; lastKnownFileType = sourcecode.swift; path = "String+Extension.swift"; sourceTree = "<group>"; };
		D01B50462997978800F1A470 /* WeatherInfoDataManager.swift */ = {isa = PBXFileReference; fileEncoding = 4; lastKnownFileType = sourcecode.swift; path = WeatherInfoDataManager.swift; sourceTree = "<group>"; };
		D01B50492997979B00F1A470 /* SettingsMainInput.swift */ = {isa = PBXFileReference; fileEncoding = 4; lastKnownFileType = sourcecode.swift; path = SettingsMainInput.swift; sourceTree = "<group>"; };
		D01B504A2997979B00F1A470 /* SettingsMainModel.swift */ = {isa = PBXFileReference; fileEncoding = 4; lastKnownFileType = sourcecode.swift; path = SettingsMainModel.swift; sourceTree = "<group>"; };
		D01B504B2997979B00F1A470 /* WeatherInfoInput.swift */ = {isa = PBXFileReference; fileEncoding = 4; lastKnownFileType = sourcecode.swift; path = WeatherInfoInput.swift; sourceTree = "<group>"; };
		D01B504C2997979B00F1A470 /* WeatherInfoModel.swift */ = {isa = PBXFileReference; fileEncoding = 4; lastKnownFileType = sourcecode.swift; path = WeatherInfoModel.swift; sourceTree = "<group>"; };
		D01B504D2997979B00F1A470 /* APIModel.swift */ = {isa = PBXFileReference; fileEncoding = 4; lastKnownFileType = sourcecode.swift; path = APIModel.swift; sourceTree = "<group>"; };
		D01B5053299797B300F1A470 /* MainPageViewController.swift */ = {isa = PBXFileReference; fileEncoding = 4; lastKnownFileType = sourcecode.swift; path = MainPageViewController.swift; sourceTree = "<group>"; };
		D01B5054299797B300F1A470 /* MainPage.storyboard */ = {isa = PBXFileReference; fileEncoding = 4; lastKnownFileType = file.storyboard; path = MainPage.storyboard; sourceTree = "<group>"; };
		D01B5057299797CF00F1A470 /* MainPageTableViewCell.swift */ = {isa = PBXFileReference; lastKnownFileType = sourcecode.swift; path = MainPageTableViewCell.swift; sourceTree = "<group>"; };
		D01B505929979B3300F1A470 /* ForecastCollectionViewCell.swift */ = {isa = PBXFileReference; fileEncoding = 4; lastKnownFileType = sourcecode.swift; path = ForecastCollectionViewCell.swift; sourceTree = "<group>"; };
		D01B505B29979BAF00F1A470 /* ForecastCollectionViewCell.xib */ = {isa = PBXFileReference; fileEncoding = 4; lastKnownFileType = file.xib; path = ForecastCollectionViewCell.xib; sourceTree = "<group>"; };
		D01B505D29979BF500F1A470 /* MainPageTableViewCell.xib */ = {isa = PBXFileReference; fileEncoding = 4; lastKnownFileType = file.xib; path = MainPageTableViewCell.xib; sourceTree = "<group>"; };
		E731FB9B297FB96200AAF69A /* LaunchScreen.storyboard */ = {isa = PBXFileReference; fileEncoding = 4; lastKnownFileType = file.storyboard; path = LaunchScreen.storyboard; sourceTree = "<group>"; };
/* End PBXFileReference section */

/* Begin PBXFrameworksBuildPhase section */
		10EDD3E32961AED500A93DB3 /* Frameworks */ = {
			isa = PBXFrameworksBuildPhase;
			buildActionMask = 2147483647;
			files = (
				1095AC1B2997FD0C00AEDE21 /* Pods_waither.framework in Frameworks */,
			);
			runOnlyForDeploymentPostprocessing = 0;
		};
/* End PBXFrameworksBuildPhase section */

/* Begin PBXGroup section */
		101BEB4A29979D4D0042756D /* Settings */ = {
			isa = PBXGroup;
			children = (
				101BEB5E29979DCC0042756D /* SettingsData */,
				101BEB4F29979D4D0042756D /* Settings.storyboard */,
				101BEB4B29979D4D0042756D /* UserDataViewController.swift */,
				101BEB4C29979D4D0042756D /* WindViewController.swift */,
				101BEB4D29979D4D0042756D /* PasswordViewController.swift */,
				101BEB4E29979D4D0042756D /* AlarmViewController.swift */,
				101BEB5129979D4D0042756D /* PopupViewController.swift */,
				101BEB5229979D4D0042756D /* PrivacyViewController.swift */,
				101BEB5329979D4D0042756D /* SettingsViewController.swift */,
				101BEB5429979D4D0042756D /* TimeViewController.swift */,
			);
			name = Settings;
			path = Custom/Settings;
			sourceTree = "<group>";
		};
		101BEB5E29979DCC0042756D /* SettingsData */ = {
			isa = PBXGroup;
			children = (
				101BEB6329979DCC0042756D /* Model */,
				101BEB5F29979DCC0042756D /* SettingsMainDataManager.swift */,
				101BEB6029979DCC0042756D /* WindAlarmDataManager.swift */,
				101BEB6129979DCC0042756D /* UserDataManager.swift */,
				101BEB6229979DCC0042756D /* AlarmDataManager.swift */,
				101BEB6A29979DCC0042756D /* UserdataDataManager.swift */,
			);
			path = SettingsData;
			sourceTree = "<group>";
		};
		101BEB6329979DCC0042756D /* Model */ = {
			isa = PBXGroup;
			children = (
				101BEB6429979DCC0042756D /* AlarmModel.swift */,
				101BEB6629979DCC0042756D /* UserDataModel.swift */,
				101BEB6729979DCC0042756D /* UserModel.swift */,
				101BEB6829979DCC0042756D /* SettingsModel.swift */,
				101BEB6929979DCC0042756D /* WindAlarmModel.swift */,
			);
			path = Model;
			sourceTree = "<group>";
		};
		1030009329842A070011DA84 /* Custom */ = {
			isa = PBXGroup;
			children = (
				D01B50432997976200F1A470 /* String+Extension.swift */,
				10F873A4296FEF490097C900 /* CustomLabel.swift */,
				10EDD3FF2961B59600A93DB3 /* UIColor+Extension.swift */,
				10EDD3FD2961B55A00A93DB3 /* UIView+Extension.swift */,
			);
			path = Custom;
			sourceTree = "<group>";
		};
		1095ABE52997FB8C00AEDE21 /* Survey */ = {
			isa = PBXGroup;
			children = (
				1095ABE62997FB8C00AEDE21 /* SurveyLaunchScreen.storyboard */,
				1095ABE72997FB8C00AEDE21 /* Survey.storyboard */,
				1095ABE82997FB8C00AEDE21 /* TmpViewController.swift */,
				1095ABE92997FB8C00AEDE21 /* SaveViewController.swift */,
				1095ABEA2997FB8C00AEDE21 /* Survey1ViewController.swift */,
				1095ABEB2997FB8C00AEDE21 /* NotiTableViewCell.swift */,
				1095ABEC2997FB8C00AEDE21 /* NotiViewController.swift */,
				1095ABEE2997FB8C00AEDE21 /* Survey2ViewController.swift */,
			);
			path = Survey;
			sourceTree = "<group>";
		};
		1095ABF82997FB9D00AEDE21 /* LaunchScreenWhite */ = {
			isa = PBXGroup;
			children = (
				1095ABF92997FB9D00AEDE21 /* LaunchScreen_white.storyboard */,
				1095ABFA2997FB9D00AEDE21 /* SplashViewController.swift */,
			);
			path = LaunchScreenWhite;
			sourceTree = "<group>";
		};
		1095ABFD2997FBA400AEDE21 /* Greeting */ = {
			isa = PBXGroup;
			children = (
				1095ABFE2997FBA400AEDE21 /* GreetingViewController.swift */,
				1095ABFF2997FBA400AEDE21 /* Greeting.storyboard */,
				1095AC002997FBA400AEDE21 /* NamingViewController.swift */,
			);
			path = Greeting;
			sourceTree = "<group>";
		};
		1095AC042997FC0900AEDE21 /* Login */ = {
			isa = PBXGroup;
			children = (
				1095AC052997FC0900AEDE21 /* SignupViewController.swift */,
				1095AC062997FC0900AEDE21 /* LoginInfo.swift */,
				1095AC072997FC0900AEDE21 /* LoginByEmailViewController.swift */,
				1095AC082997FC0900AEDE21 /* LoginNavigationController.swift */,
				1095AC092997FC0900AEDE21 /* Login.storyboard */,
				1095AC0A2997FC0900AEDE21 /* TempPasswordViewController.swift */,
				1095AC0B2997FC0900AEDE21 /* LoginViewController.swift */,
				1095AC0C2997FC0900AEDE21 /* LoginInfo.xcdatamodeld */,
				1095AC0E2997FC0900AEDE21 /* LoginPopupViewController.swift */,
				1095AC0F2997FC0900AEDE21 /* SigninViewController.swift */,
			);
			path = Login;
			sourceTree = "<group>";
		};
		1095AC1C2998088700AEDE21 /* Font */ = {
			isa = PBXGroup;
			children = (
				10F873A1296EECD60097C900 /* SF-Pro.ttf */,
			);
			path = Font;
			sourceTree = "<group>";
		};
		10EDD3DD2961AED500A93DB3 = {
			isa = PBXGroup;
			children = (
				10EDD3E82961AED500A93DB3 /* waither */,
				10EDD3E72961AED500A93DB3 /* Products */,
				7F57985A565DCEE2E9EFF9E7 /* Pods */,
				524260D4931E0AD0640294BA /* Frameworks */,
			);
			sourceTree = "<group>";
		};
		10EDD3E72961AED500A93DB3 /* Products */ = {
			isa = PBXGroup;
			children = (
				10EDD3E62961AED500A93DB3 /* waither.app */,
			);
			name = Products;
			sourceTree = "<group>";
		};
		10EDD3E82961AED500A93DB3 /* waither */ = {
			isa = PBXGroup;
			children = (
				1095ABE52997FB8C00AEDE21 /* Survey */,
				1095ABF82997FB9D00AEDE21 /* LaunchScreenWhite */,
				1095AC042997FC0900AEDE21 /* Login */,
				1095ABFD2997FBA400AEDE21 /* Greeting */,
				D0C7AB8D29804FAC00D96CB4 /* Main */,
				10EDD3E92961AED500A93DB3 /* AppDelegate.swift */,
				10EDD3EB2961AED500A93DB3 /* SceneDelegate.swift */,
				E731FB9B297FB96200AAF69A /* LaunchScreen.storyboard */,
				10EDD3ED2961AED500A93DB3 /* ViewController.swift */,
				10C104612977F7B3008AEE46 /* Main.storyboard */,
				101BEB4A29979D4D0042756D /* Settings */,
				1030009329842A070011DA84 /* Custom */,
				10EDD3F22961AED600A93DB3 /* Assets.xcassets */,
				1095AC1C2998088700AEDE21 /* Font */,
				10EDD3F72961AED600A93DB3 /* Info.plist */,
			);
			path = waither;
			sourceTree = "<group>";
		};
		524260D4931E0AD0640294BA /* Frameworks */ = {
			isa = PBXGroup;
			children = (
				1095AC1A2997FD0C00AEDE21 /* Pods_waither.framework */,
			);
			name = Frameworks;
			sourceTree = "<group>";
		};
		7F57985A565DCEE2E9EFF9E7 /* Pods */ = {
			isa = PBXGroup;
			children = (
				08971674B00450F935EB8302 /* Pods-waither.debug.xcconfig */,
				7C8DEB68397007B090EE7886 /* Pods-waither.release.xcconfig */,
			);
			path = Pods;
			sourceTree = "<group>";
		};
		D01B50452997977500F1A470 /* MainDataManager */ = {
			isa = PBXGroup;
			children = (
				D01B50462997978800F1A470 /* WeatherInfoDataManager.swift */,
				D01B50482997978C00F1A470 /* Model */,
			);
			path = MainDataManager;
			sourceTree = "<group>";
		};
		D01B50482997978C00F1A470 /* Model */ = {
			isa = PBXGroup;
			children = (
				D01B504D2997979B00F1A470 /* APIModel.swift */,
				D01B50492997979B00F1A470 /* SettingsMainInput.swift */,
				D01B504A2997979B00F1A470 /* SettingsMainModel.swift */,
				D01B504B2997979B00F1A470 /* WeatherInfoInput.swift */,
				D01B504C2997979B00F1A470 /* WeatherInfoModel.swift */,
			);
			path = Model;
			sourceTree = "<group>";
		};
		D0C7AB8D29804FAC00D96CB4 /* Main */ = {
			isa = PBXGroup;
			children = (
				D01B5054299797B300F1A470 /* MainPage.storyboard */,
				D01B5053299797B300F1A470 /* MainPageViewController.swift */,
				D0C7AB9429804FCB00D96CB4 /* Cells */,
				D01B50452997977500F1A470 /* MainDataManager */,
			);
			path = Main;
			sourceTree = "<group>";
		};
		D0C7AB9429804FCB00D96CB4 /* Cells */ = {
			isa = PBXGroup;
			children = (
				D01B505929979B3300F1A470 /* ForecastCollectionViewCell.swift */,
				D01B505B29979BAF00F1A470 /* ForecastCollectionViewCell.xib */,
				D01B5057299797CF00F1A470 /* MainPageTableViewCell.swift */,
				D01B505D29979BF500F1A470 /* MainPageTableViewCell.xib */,
			);
			path = Cells;
			sourceTree = "<group>";
		};
/* End PBXGroup section */

/* Begin PBXNativeTarget section */
		10EDD3E52961AED500A93DB3 /* waither */ = {
			isa = PBXNativeTarget;
			buildConfigurationList = 10EDD3FA2961AED600A93DB3 /* Build configuration list for PBXNativeTarget "waither" */;
			buildPhases = (
				9836CBB1AE3B2900C70C656F /* [CP] Check Pods Manifest.lock */,
				10EDD3E22961AED500A93DB3 /* Sources */,
				10EDD3E32961AED500A93DB3 /* Frameworks */,
				10EDD3E42961AED500A93DB3 /* Resources */,
				0FC51855834E9158848B93A9 /* [CP] Embed Pods Frameworks */,
			);
			buildRules = (
			);
			dependencies = (
			);
			name = waither;
			productName = Waither;
			productReference = 10EDD3E62961AED500A93DB3 /* waither.app */;
			productType = "com.apple.product-type.application";
		};
/* End PBXNativeTarget section */

/* Begin PBXProject section */
		10EDD3DE2961AED500A93DB3 /* Project object */ = {
			isa = PBXProject;
			attributes = {
				BuildIndependentTargetsInParallel = 1;
				LastSwiftUpdateCheck = 1420;
				LastUpgradeCheck = 1420;
				TargetAttributes = {
					10EDD3E52961AED500A93DB3 = {
						CreatedOnToolsVersion = 14.2;
					};
				};
			};
			buildConfigurationList = 10EDD3E12961AED500A93DB3 /* Build configuration list for PBXProject "waither" */;
			compatibilityVersion = "Xcode 12.0";
			developmentRegion = en;
			hasScannedForEncodings = 0;
			knownRegions = (
				en,
				Base,
			);
			mainGroup = 10EDD3DD2961AED500A93DB3;
			productRefGroup = 10EDD3E72961AED500A93DB3 /* Products */;
			projectDirPath = "";
			projectRoot = "";
			targets = (
				10EDD3E52961AED500A93DB3 /* waither */,
			);
		};
/* End PBXProject section */

/* Begin PBXResourcesBuildPhase section */
		10EDD3E42961AED500A93DB3 /* Resources */ = {
			isa = PBXResourcesBuildPhase;
			buildActionMask = 2147483647;
			files = (
				D01B5056299797B300F1A470 /* MainPage.storyboard in Resources */,
				1095ABFB2997FB9D00AEDE21 /* LaunchScreen_white.storyboard in Resources */,
				1095AC142997FC0900AEDE21 /* Login.storyboard in Resources */,
				D01B505C29979BAF00F1A470 /* ForecastCollectionViewCell.xib in Resources */,
				10C104632977F7B3008AEE46 /* Main.storyboard in Resources */,
				101BEB5929979D4D0042756D /* Settings.storyboard in Resources */,
				1095AC022997FBA400AEDE21 /* Greeting.storyboard in Resources */,
				10F71A102976AED4008EA002 /* SF-Pro.ttf in Resources */,
				10EDD3F32961AED600A93DB3 /* Assets.xcassets in Resources */,
				E731FB9C297FB96200AAF69A /* LaunchScreen.storyboard in Resources */,
				1095ABEF2997FB8C00AEDE21 /* SurveyLaunchScreen.storyboard in Resources */,
				D01B505E29979BF500F1A470 /* MainPageTableViewCell.xib in Resources */,
				1095ABF02997FB8C00AEDE21 /* Survey.storyboard in Resources */,
			);
			runOnlyForDeploymentPostprocessing = 0;
		};
/* End PBXResourcesBuildPhase section */

/* Begin PBXShellScriptBuildPhase section */
		0FC51855834E9158848B93A9 /* [CP] Embed Pods Frameworks */ = {
			isa = PBXShellScriptBuildPhase;
			buildActionMask = 2147483647;
			files = (
			);
			inputFileListPaths = (
				"${PODS_ROOT}/Target Support Files/Pods-waither/Pods-waither-frameworks-${CONFIGURATION}-input-files.xcfilelist",
			);
			name = "[CP] Embed Pods Frameworks";
			outputFileListPaths = (
				"${PODS_ROOT}/Target Support Files/Pods-waither/Pods-waither-frameworks-${CONFIGURATION}-output-files.xcfilelist",
			);
			runOnlyForDeploymentPostprocessing = 0;
			shellPath = /bin/sh;
			shellScript = "\"${PODS_ROOT}/Target Support Files/Pods-waither/Pods-waither-frameworks.sh\"\n";
			showEnvVarsInLog = 0;
		};
		9836CBB1AE3B2900C70C656F /* [CP] Check Pods Manifest.lock */ = {
			isa = PBXShellScriptBuildPhase;
			buildActionMask = 2147483647;
			files = (
			);
			inputFileListPaths = (
			);
			inputPaths = (
				"${PODS_PODFILE_DIR_PATH}/Podfile.lock",
				"${PODS_ROOT}/Manifest.lock",
			);
			name = "[CP] Check Pods Manifest.lock";
			outputFileListPaths = (
			);
			outputPaths = (
				"$(DERIVED_FILE_DIR)/Pods-waither-checkManifestLockResult.txt",
			);
			runOnlyForDeploymentPostprocessing = 0;
			shellPath = /bin/sh;
			shellScript = "diff \"${PODS_PODFILE_DIR_PATH}/Podfile.lock\" \"${PODS_ROOT}/Manifest.lock\" > /dev/null\nif [ $? != 0 ] ; then\n    # print error to STDERR\n    echo \"error: The sandbox is not in sync with the Podfile.lock. Run 'pod install' or update your CocoaPods installation.\" >&2\n    exit 1\nfi\n# This output is used by Xcode 'outputs' to avoid re-running this script phase.\necho \"SUCCESS\" > \"${SCRIPT_OUTPUT_FILE_0}\"\n";
			showEnvVarsInLog = 0;
		};
/* End PBXShellScriptBuildPhase section */

/* Begin PBXSourcesBuildPhase section */
		10EDD3E22961AED500A93DB3 /* Sources */ = {
			isa = PBXSourcesBuildPhase;
			buildActionMask = 2147483647;
			files = (
				101BEB5829979D4D0042756D /* AlarmViewController.swift in Sources */,
				D01B50512997979B00F1A470 /* WeatherInfoModel.swift in Sources */,
				10EDD3EE2961AED500A93DB3 /* ViewController.swift in Sources */,
				101BEB5D29979D4D0042756D /* TimeViewController.swift in Sources */,
				1095AC032997FBA400AEDE21 /* NamingViewController.swift in Sources */,
				D01B5055299797B300F1A470 /* MainPageViewController.swift in Sources */,
				D01B504F2997979B00F1A470 /* SettingsMainModel.swift in Sources */,
				1095AC122997FC0900AEDE21 /* LoginByEmailViewController.swift in Sources */,
				D01B505A29979B3300F1A470 /* ForecastCollectionViewCell.swift in Sources */,
				101BEB6C29979DCC0042756D /* WindAlarmDataManager.swift in Sources */,
				1095ABF52997FB8C00AEDE21 /* NotiViewController.swift in Sources */,
				10F873A5296FEF490097C900 /* CustomLabel.swift in Sources */,
				101BEB5529979D4D0042756D /* UserDataViewController.swift in Sources */,
				101BEB5629979D4D0042756D /* WindViewController.swift in Sources */,
				10EDD3EA2961AED500A93DB3 /* AppDelegate.swift in Sources */,
				101BEB7429979DCC0042756D /* WindAlarmModel.swift in Sources */,
				101BEB5B29979D4D0042756D /* PrivacyViewController.swift in Sources */,
				1095AC182997FC0900AEDE21 /* LoginPopupViewController.swift in Sources */,
				1095ABFC2997FB9D00AEDE21 /* SplashViewController.swift in Sources */,
				101BEB7529979DCC0042756D /* UserdataDataManager.swift in Sources */,
				D01B50502997979B00F1A470 /* WeatherInfoInput.swift in Sources */,
				101BEB5A29979D4D0042756D /* PopupViewController.swift in Sources */,
				1095AC102997FC0900AEDE21 /* SignupViewController.swift in Sources */,
				1095ABF72997FB8C00AEDE21 /* Survey2ViewController.swift in Sources */,
				101BEB7329979DCC0042756D /* SettingsModel.swift in Sources */,
				D01B50472997978800F1A470 /* WeatherInfoDataManager.swift in Sources */,
				101BEB7229979DCC0042756D /* UserModel.swift in Sources */,
				101BEB7129979DCC0042756D /* UserDataModel.swift in Sources */,
				10EDD3FE2961B55A00A93DB3 /* UIView+Extension.swift in Sources */,
				101BEB6B29979DCC0042756D /* SettingsMainDataManager.swift in Sources */,
				D01B504E2997979B00F1A470 /* SettingsMainInput.swift in Sources */,
				1095ABF42997FB8C00AEDE21 /* NotiTableViewCell.swift in Sources */,
				D01B50522997979B00F1A470 /* APIModel.swift in Sources */,
				101BEB5C29979D4D0042756D /* SettingsViewController.swift in Sources */,
				1095AC172997FC0900AEDE21 /* LoginInfo.xcdatamodeld in Sources */,
				101BEB5729979D4D0042756D /* PasswordViewController.swift in Sources */,
				1095ABF32997FB8C00AEDE21 /* Survey1ViewController.swift in Sources */,
				1095ABF22997FB8C00AEDE21 /* SaveViewController.swift in Sources */,
				10EDD3EC2961AED500A93DB3 /* SceneDelegate.swift in Sources */,
				1095AC162997FC0900AEDE21 /* LoginViewController.swift in Sources */,
				101BEB6E29979DCC0042756D /* AlarmDataManager.swift in Sources */,
				D01B5058299797CF00F1A470 /* MainPageTableViewCell.swift in Sources */,
				1095ABF12997FB8C00AEDE21 /* TmpViewController.swift in Sources */,
				D01B50442997976200F1A470 /* String+Extension.swift in Sources */,
				10EDD4002961B59600A93DB3 /* UIColor+Extension.swift in Sources */,
				1095AC012997FBA400AEDE21 /* GreetingViewController.swift in Sources */,
				1095AC132997FC0900AEDE21 /* LoginNavigationController.swift in Sources */,
				101BEB6D29979DCC0042756D /* UserDataManager.swift in Sources */,
				1095AC192997FC0900AEDE21 /* SigninViewController.swift in Sources */,
				1095AC112997FC0900AEDE21 /* LoginInfo.swift in Sources */,
				1095AC152997FC0900AEDE21 /* TempPasswordViewController.swift in Sources */,
				101BEB6F29979DCC0042756D /* AlarmModel.swift in Sources */,
			);
			runOnlyForDeploymentPostprocessing = 0;
		};
/* End PBXSourcesBuildPhase section */

/* Begin PBXVariantGroup section */
		101BEB4F29979D4D0042756D /* Settings.storyboard */ = {
			isa = PBXVariantGroup;
			children = (
				101BEB5029979D4D0042756D /* Base */,
			);
			name = Settings.storyboard;
			sourceTree = "<group>";
		};
		10C104612977F7B3008AEE46 /* Main.storyboard */ = {
			isa = PBXVariantGroup;
			children = (
				10C104622977F7B3008AEE46 /* Base */,
			);
			name = Main.storyboard;
			sourceTree = "<group>";
		};
/* End PBXVariantGroup section */

/* Begin XCBuildConfiguration section */
		10EDD3F82961AED600A93DB3 /* Debug */ = {
			isa = XCBuildConfiguration;
			buildSettings = {
				ALWAYS_SEARCH_USER_PATHS = NO;
				CLANG_ANALYZER_NONNULL = YES;
				CLANG_ANALYZER_NUMBER_OBJECT_CONVERSION = YES_AGGRESSIVE;
				CLANG_CXX_LANGUAGE_STANDARD = "gnu++20";
				CLANG_ENABLE_MODULES = YES;
				CLANG_ENABLE_OBJC_ARC = YES;
				CLANG_ENABLE_OBJC_WEAK = YES;
				CLANG_WARN_BLOCK_CAPTURE_AUTORELEASING = YES;
				CLANG_WARN_BOOL_CONVERSION = YES;
				CLANG_WARN_COMMA = YES;
				CLANG_WARN_CONSTANT_CONVERSION = YES;
				CLANG_WARN_DEPRECATED_OBJC_IMPLEMENTATIONS = YES;
				CLANG_WARN_DIRECT_OBJC_ISA_USAGE = YES_ERROR;
				CLANG_WARN_DOCUMENTATION_COMMENTS = YES;
				CLANG_WARN_EMPTY_BODY = YES;
				CLANG_WARN_ENUM_CONVERSION = YES;
				CLANG_WARN_INFINITE_RECURSION = YES;
				CLANG_WARN_INT_CONVERSION = YES;
				CLANG_WARN_NON_LITERAL_NULL_CONVERSION = YES;
				CLANG_WARN_OBJC_IMPLICIT_RETAIN_SELF = YES;
				CLANG_WARN_OBJC_LITERAL_CONVERSION = YES;
				CLANG_WARN_OBJC_ROOT_CLASS = YES_ERROR;
				CLANG_WARN_QUOTED_INCLUDE_IN_FRAMEWORK_HEADER = YES;
				CLANG_WARN_RANGE_LOOP_ANALYSIS = YES;
				CLANG_WARN_STRICT_PROTOTYPES = YES;
				CLANG_WARN_SUSPICIOUS_MOVE = YES;
				CLANG_WARN_UNGUARDED_AVAILABILITY = YES_AGGRESSIVE;
				CLANG_WARN_UNREACHABLE_CODE = YES;
				CLANG_WARN__DUPLICATE_METHOD_MATCH = YES;
				COPY_PHASE_STRIP = NO;
				DEBUG_INFORMATION_FORMAT = dwarf;
				ENABLE_STRICT_OBJC_MSGSEND = YES;
				ENABLE_TESTABILITY = YES;
				GCC_C_LANGUAGE_STANDARD = gnu11;
				GCC_DYNAMIC_NO_PIC = NO;
				GCC_NO_COMMON_BLOCKS = YES;
				GCC_OPTIMIZATION_LEVEL = 0;
				GCC_PREPROCESSOR_DEFINITIONS = (
					"DEBUG=1",
					"$(inherited)",
				);
				GCC_WARN_64_TO_32_BIT_CONVERSION = YES;
				GCC_WARN_ABOUT_RETURN_TYPE = YES_ERROR;
				GCC_WARN_UNDECLARED_SELECTOR = YES;
				GCC_WARN_UNINITIALIZED_AUTOS = YES_AGGRESSIVE;
				GCC_WARN_UNUSED_FUNCTION = YES;
				GCC_WARN_UNUSED_VARIABLE = YES;
				INFOPLIST_KEY_NSLocationAlwaysAndWhenInUseUsageDescription = "사용자의 위치 정보를 받아오려고 합니다.";
				INFOPLIST_KEY_NSLocationAlwaysUsageDescription = "사용자의 위치 정보를 받아오려고 합니다.";
				IPHONEOS_DEPLOYMENT_TARGET = 16.2;
				MTL_ENABLE_DEBUG_INFO = INCLUDE_SOURCE;
				MTL_FAST_MATH = YES;
				ONLY_ACTIVE_ARCH = YES;
				SDKROOT = iphoneos;
				SWIFT_ACTIVE_COMPILATION_CONDITIONS = DEBUG;
				SWIFT_OPTIMIZATION_LEVEL = "-Onone";
			};
			name = Debug;
		};
		10EDD3F92961AED600A93DB3 /* Release */ = {
			isa = XCBuildConfiguration;
			buildSettings = {
				ALWAYS_SEARCH_USER_PATHS = NO;
				CLANG_ANALYZER_NONNULL = YES;
				CLANG_ANALYZER_NUMBER_OBJECT_CONVERSION = YES_AGGRESSIVE;
				CLANG_CXX_LANGUAGE_STANDARD = "gnu++20";
				CLANG_ENABLE_MODULES = YES;
				CLANG_ENABLE_OBJC_ARC = YES;
				CLANG_ENABLE_OBJC_WEAK = YES;
				CLANG_WARN_BLOCK_CAPTURE_AUTORELEASING = YES;
				CLANG_WARN_BOOL_CONVERSION = YES;
				CLANG_WARN_COMMA = YES;
				CLANG_WARN_CONSTANT_CONVERSION = YES;
				CLANG_WARN_DEPRECATED_OBJC_IMPLEMENTATIONS = YES;
				CLANG_WARN_DIRECT_OBJC_ISA_USAGE = YES_ERROR;
				CLANG_WARN_DOCUMENTATION_COMMENTS = YES;
				CLANG_WARN_EMPTY_BODY = YES;
				CLANG_WARN_ENUM_CONVERSION = YES;
				CLANG_WARN_INFINITE_RECURSION = YES;
				CLANG_WARN_INT_CONVERSION = YES;
				CLANG_WARN_NON_LITERAL_NULL_CONVERSION = YES;
				CLANG_WARN_OBJC_IMPLICIT_RETAIN_SELF = YES;
				CLANG_WARN_OBJC_LITERAL_CONVERSION = YES;
				CLANG_WARN_OBJC_ROOT_CLASS = YES_ERROR;
				CLANG_WARN_QUOTED_INCLUDE_IN_FRAMEWORK_HEADER = YES;
				CLANG_WARN_RANGE_LOOP_ANALYSIS = YES;
				CLANG_WARN_STRICT_PROTOTYPES = YES;
				CLANG_WARN_SUSPICIOUS_MOVE = YES;
				CLANG_WARN_UNGUARDED_AVAILABILITY = YES_AGGRESSIVE;
				CLANG_WARN_UNREACHABLE_CODE = YES;
				CLANG_WARN__DUPLICATE_METHOD_MATCH = YES;
				COPY_PHASE_STRIP = NO;
				DEBUG_INFORMATION_FORMAT = "dwarf-with-dsym";
				ENABLE_NS_ASSERTIONS = NO;
				ENABLE_STRICT_OBJC_MSGSEND = YES;
				GCC_C_LANGUAGE_STANDARD = gnu11;
				GCC_NO_COMMON_BLOCKS = YES;
				GCC_WARN_64_TO_32_BIT_CONVERSION = YES;
				GCC_WARN_ABOUT_RETURN_TYPE = YES_ERROR;
				GCC_WARN_UNDECLARED_SELECTOR = YES;
				GCC_WARN_UNINITIALIZED_AUTOS = YES_AGGRESSIVE;
				GCC_WARN_UNUSED_FUNCTION = YES;
				GCC_WARN_UNUSED_VARIABLE = YES;
				INFOPLIST_KEY_NSLocationAlwaysAndWhenInUseUsageDescription = "사용자의 위치 정보를 받아오려고 합니다.";
				INFOPLIST_KEY_NSLocationAlwaysUsageDescription = "사용자의 위치 정보를 받아오려고 합니다.";
				IPHONEOS_DEPLOYMENT_TARGET = 16.2;
				MTL_ENABLE_DEBUG_INFO = NO;
				MTL_FAST_MATH = YES;
				SDKROOT = iphoneos;
				SWIFT_COMPILATION_MODE = wholemodule;
				SWIFT_OPTIMIZATION_LEVEL = "-O";
				VALIDATE_PRODUCT = YES;
			};
			name = Release;
		};
		10EDD3FB2961AED600A93DB3 /* Debug */ = {
			isa = XCBuildConfiguration;
			baseConfigurationReference = 08971674B00450F935EB8302 /* Pods-waither.debug.xcconfig */;
			buildSettings = {
				ASSETCATALOG_COMPILER_APPICON_NAME = AppIcon;
				ASSETCATALOG_COMPILER_GLOBAL_ACCENT_COLOR_NAME = AccentColor;
				CODE_SIGN_STYLE = Automatic;
				CURRENT_PROJECT_VERSION = 1;
				DEVELOPMENT_TEAM = SB87AFXHM2;
				FRAMEWORK_SEARCH_PATHS = (
					"$(inherited)",
					"$(PROJECT_DIR)",
				);
				GENERATE_INFOPLIST_FILE = YES;
				INFOPLIST_FILE = Waither/Info.plist;
				INFOPLIST_KEY_UIApplicationSupportsIndirectInputEvents = YES;
				INFOPLIST_KEY_UILaunchStoryboardName = LaunchScreen;
				INFOPLIST_KEY_UIMainStoryboardFile = Main;
				INFOPLIST_KEY_UISupportedInterfaceOrientations_iPad = "UIInterfaceOrientationPortrait UIInterfaceOrientationPortraitUpsideDown UIInterfaceOrientationLandscapeLeft UIInterfaceOrientationLandscapeRight";
				INFOPLIST_KEY_UISupportedInterfaceOrientations_iPhone = "UIInterfaceOrientationPortrait UIInterfaceOrientationLandscapeLeft UIInterfaceOrientationLandscapeRight";
				IPHONEOS_DEPLOYMENT_TARGET = 15.5;
				LD_RUNPATH_SEARCH_PATHS = (
					"$(inherited)",
					"@executable_path/Frameworks",
				);
				MARKETING_VERSION = 1.0;
				PRODUCT_BUNDLE_IDENTIFIER = com.theunghee;
				PRODUCT_NAME = "$(TARGET_NAME)";
				SWIFT_EMIT_LOC_STRINGS = YES;
				SWIFT_VERSION = 5.0;
				TARGETED_DEVICE_FAMILY = "1,2";
			};
			name = Debug;
		};
		10EDD3FC2961AED600A93DB3 /* Release */ = {
			isa = XCBuildConfiguration;
			baseConfigurationReference = 7C8DEB68397007B090EE7886 /* Pods-waither.release.xcconfig */;
			buildSettings = {
				ASSETCATALOG_COMPILER_APPICON_NAME = AppIcon;
				ASSETCATALOG_COMPILER_GLOBAL_ACCENT_COLOR_NAME = AccentColor;
				CODE_SIGN_IDENTITY = "Apple Development";
				CODE_SIGN_STYLE = Automatic;
				CURRENT_PROJECT_VERSION = 1;
				DEVELOPMENT_TEAM = SB87AFXHM2;
				FRAMEWORK_SEARCH_PATHS = (
					"$(inherited)",
					"$(PROJECT_DIR)",
				);
				GENERATE_INFOPLIST_FILE = YES;
				INFOPLIST_FILE = Waither/Info.plist;
				INFOPLIST_KEY_UIApplicationSupportsIndirectInputEvents = YES;
				INFOPLIST_KEY_UILaunchStoryboardName = LaunchScreen;
				INFOPLIST_KEY_UIMainStoryboardFile = Main;
				INFOPLIST_KEY_UISupportedInterfaceOrientations_iPad = "UIInterfaceOrientationPortrait UIInterfaceOrientationPortraitUpsideDown UIInterfaceOrientationLandscapeLeft UIInterfaceOrientationLandscapeRight";
				INFOPLIST_KEY_UISupportedInterfaceOrientations_iPhone = "UIInterfaceOrientationPortrait UIInterfaceOrientationLandscapeLeft UIInterfaceOrientationLandscapeRight";
				IPHONEOS_DEPLOYMENT_TARGET = 15.5;
				LD_RUNPATH_SEARCH_PATHS = (
					"$(inherited)",
					"@executable_path/Frameworks",
				);
				MARKETING_VERSION = 1.0;
				PRODUCT_BUNDLE_IDENTIFIER = com.theunghee;
				PRODUCT_NAME = "$(TARGET_NAME)";
				PROVISIONING_PROFILE_SPECIFIER = "";
				SWIFT_EMIT_LOC_STRINGS = YES;
				SWIFT_VERSION = 5.0;
				TARGETED_DEVICE_FAMILY = "1,2";
			};
			name = Release;
		};
/* End XCBuildConfiguration section */

/* Begin XCConfigurationList section */
		10EDD3E12961AED500A93DB3 /* Build configuration list for PBXProject "waither" */ = {
			isa = XCConfigurationList;
			buildConfigurations = (
				10EDD3F82961AED600A93DB3 /* Debug */,
				10EDD3F92961AED600A93DB3 /* Release */,
			);
			defaultConfigurationIsVisible = 0;
			defaultConfigurationName = Release;
		};
		10EDD3FA2961AED600A93DB3 /* Build configuration list for PBXNativeTarget "waither" */ = {
			isa = XCConfigurationList;
			buildConfigurations = (
				10EDD3FB2961AED600A93DB3 /* Debug */,
				10EDD3FC2961AED600A93DB3 /* Release */,
			);
			defaultConfigurationIsVisible = 0;
			defaultConfigurationName = Release;
		};
/* End XCConfigurationList section */

/* Begin XCVersionGroup section */
		1095AC0C2997FC0900AEDE21 /* LoginInfo.xcdatamodeld */ = {
			isa = XCVersionGroup;
			children = (
				1095AC0D2997FC0900AEDE21 /* LoginInfo.xcdatamodel */,
			);
			currentVersion = 1095AC0D2997FC0900AEDE21 /* LoginInfo.xcdatamodel */;
			path = LoginInfo.xcdatamodeld;
			sourceTree = "<group>";
			versionGroupType = wrapper.xcdatamodel;
		};
/* End XCVersionGroup section */
	};
	rootObject = 10EDD3DE2961AED500A93DB3 /* Project object */;
}
